github.com/beorn7/perks v1.0.1 h1:VlbKKnNfV8bJzeqoa4cOKqO6bYr3WgKZxO8Z16+hsOM=
github.com/beorn7/perks v1.0.1/go.mod h1:G2ZrVWU2WbWT9wwq4/hrbKbnv/1ERSJQ0ibhJ6rlkpw=
github.com/cespare/xxhash/v2 v2.2.0 h1:DC2CZ1Ep5Y4k3ZQ899DldepgrayRUGE6BBZ/cd9Cj44=
github.com/cespare/xxhash/v2 v2.2.0/go.mod h1:VGX0DQ3Q6kWi7AoAeZDth3/j3BFtOZR5XLFGgcrjCOs=
github.com/creack/pty v1.1.9/go.mod h1:oKZEueFk5CKHvIhNR5MUki03XCEU+Q6VDXinZuGJ33E=
github.com/davecgh/go-spew v1.1.1 h1:vj9j/u1bqnvCEfJOwUhtlOARqs3+rkHYY13jYWTU97c=
github.com/dustin/go-humanize v1.0.1 h1:GzkhY7T5VNhEkwH0PVJgjz+fX1rhBrR7pRT3mDkpeCY=
github.com/dustin/go-humanize v1.0.1/go.mod h1:Mu1zIs6XwVuF/gI1OepvI0qD18qycQx+mFykh5fBlto=
github.com/golang/protobuf v1.2.0/go.mod h1:6lQm79b+lXiMfvg/cZm0SGofjICqVBUtrP5yJMmIC1U=
github.com/golang/protobuf v1.3.5/go.mod h1:6O5/vntMXwX2lRkT1hjjk0nAC1IDOTvTlVgjlRvqsdk=
github.com/golang/protobuf v1.5.0/go.mod h1:FsONVRAS9T7sI+LIUmWTfcYkHO4aIWwzhcaSAoJOfIk=
github.com/golang/protobuf v1.5.2 h1:ROPKBNFfQgOUMifHyP+KYbvpjbdoFNs+aK7DXlji0Tw=
github.com/golang/protobuf v1.5.2/go.mod h1:XVQd3VNwM+JqD3oG2Ue2ip4fOMUkwXdXDdiuN0vRsmY=
github.com/google/go-cmp v0.5.5/go.mod h1:v8dTdLbMG2kIc/vJvl+f65V22dbkXbowE6jgT/gNBxE=
github.com/google/go-cmp v0.5.9 h1:O2Tfq5qg4qc4AmwVlvv0oLiVAGB7enBSJ2x2DqQFi38=
github.com/kr/pretty v0.3.1 h1:flRD4NNwYAUpkphVc1HcthR4KEIFJ65n8Mw5qdRn3LE=
github.com/kr/pretty v0.3.1/go.mod h1:hoEshYVHaxMs3cyo3Yncou5ZscifuDolrwPKZanG3xk=
github.com/kr/text v0.2.0 h1:5Nx0Ya0ZqY2ygV366QzturHI13Jq95ApcVaJBhpS+AY=
github.com/kr/text v0.2.0/go.mod h1:eLer722TekiGuMkidMxC/pM04lWEeraHUUmBw8l2grE=
github.com/matttproud/golang_protobuf_extensions v1.0.4 h1:mmDVorXM7PCGKw94cs5zkfA9PSy5pEvNWRP0ET0TIVo=
github.com/matttproud/golang_protobuf_extensions v1.0.4/go.mod h1:BSXmuO+STAnVfrANrmjBb36TMTDstsz7MSK+HVaYKv4=
github.com/pkg/diff v0.0.0-20210226163009-20ebb0f2a09e/go.mod h1:pJLUxLENpZxwdsKMEsNbx1VGcRFpLqf3715MtcvvzbA=
github.com/prometheus/client_golang v1.14.0 h1:nJdhIvne2eSX/XRAFV9PcvFFRbrjbcTUj0VP62TMhnw=
github.com/prometheus/client_golang v1.14.0/go.mod h1:8vpkKitgIVNcqrRBWh1C4TIUQgYNtG/XQE4E/Zae36Y=
github.com/prometheus/client_model v0.3.0 h1:UBgGFHqYdG/TPFD1B1ogZywDqEkwp3fBMvqdiQ7Xew4=
github.com/prometheus/client_model v0.3.0/go.mod h1:LDGWKZIo7rky3hgvBe+caln+Dr3dPggB5dvjtD7w9+w=
github.com/prometheus/common v0.39.0 h1:oOyhkDq05hPZKItWVBkJ6g6AtGxi+fy7F4JvUV8uhsI=
github.com/prometheus/common v0.39.0/go.mod h1:6XBZ7lYdLCbkAVhwRsWTZn+IN5AB9F/NXd5w0BbEX0Y=
github.com/prometheus/procfs v0.9.0 h1:wzCHvIvM5SxWqYvwgVL7yJY8Lz3PKn49KQtpgMYJfhI=
github.com/prometheus/procfs v0.9.0/go.mod h1:+pB4zwohETzFnmlpe6yd2lSc+0/46IYZRB/chUwxUZY=
github.com/rogpeppe/go-internal v1.9.0 h1:73kH8U+JUqXU8lRuOHeVHaa/SZPifC7BkcraZVejAe8=
github.com/rogpeppe/go-internal v1.9.0/go.mod h1:WtVeX8xhTBvf0smdhujwtBcq4Qrzq/fJaraNFVN+nFs=
golang.conradwood.net/apis/antidos v1.1.2144 h1:nP3EQELr/j+C+NtDucaLvH1KxQbvAAU+DP7KshfBwoA=
golang.conradwood.net/apis/antidos v1.1.2144/go.mod h1:OPV/nNOjGOJN5K1X9zM1sKVpsaMILjC1puTP4GZGJXw=
golang.conradwood.net/apis/antidos v1.1.2149 h1:6FgHoUsUe8mxfhNI1tPTWifw357nDka79UH7nt2htF8=
golang.conradwood.net/apis/antidos v1.1.2149/go.mod h1:tSRloRkmKd9nXi25tcEitnCvdoYoTLhsdq+xIxH2uFg=
golang.conradwood.net/apis/antidos v1.1.2192 h1:PiUb4bKtJctJGk14GAELLymoRvjYNwjOI4zIkO7eskQ=
golang.conradwood.net/apis/antidos v1.1.2192/go.mod h1:JzvwombLeHoDAJQGyCUVLbQjnRzQ9JMlgvw5qcl521w=
golang.conradwood.net/apis/auth v1.1.2147 h1:SQ9ob7Wl8qFkTsh0rjwH7snoc0Uxsx7Mp64h9B88W1g=
golang.conradwood.net/apis/auth v1.1.2147/go.mod h1:b1/uvd5gMPnfg80ddhT1+PJaCBIowQrg2kpEMOWk/BA=
golang.conradwood.net/apis/auth v1.1.2149 h1:HaSiw7fAsAzEdFbOtKJW6vkEmO1rIMbBhu8V+C0A+W8=
golang.conradwood.net/apis/auth v1.1.2149/go.mod h1:Dg3OwmnyqUbRh29/duzH+nSEtD2b5gWLuKlboPDlve4=
golang.conradwood.net/apis/auth v1.1.2192 h1:KWq6wVU8Tv8sq1yWqXHEvJ0uIRCZy/Alm69b+jX1rTM=
golang.conradwood.net/apis/auth v1.1.2192/go.mod h1:0u0yrEAag+HTIHG0wNida8opbPFIOe3ClctOlLDaoNI=
golang.conradwood.net/apis/auth v1.1.2194 h1:FejhwIJyW4/VMI3QI34Ie6a18kK2ct5FluNRjJP2n5s=
golang.conradwood.net/apis/auth v1.1.2194/go.mod h1:FcER36pb2iGAXAPi3anLEXBh8UBKoz2jk8GdFxU0uzk=
golang.conradwood.net/apis/auth v1.1.2195 h1:6A0aYNN0uj3BWE4ly6TFAnkiGZIZCFa7zhpz4i4PAi0=
golang.conradwood.net/apis/auth v1.1.2195/go.mod h1:JNzv4g9PCdHsKpuFQC4j+rXXV+QNo6CKQCD0hPLl6qI=
golang.conradwood.net/apis/auth v1.1.2196 h1:gO0yVlV8fJTbIcWS+QxjVmFhWQCEikky9/wJsl3W8is=
golang.conradwood.net/apis/auth v1.1.2196/go.mod h1:+oEppB6iMP1G1Uqsz6zbIgto1UF7VVS0nuWLFXW30ks=
golang.conradwood.net/apis/auth v1.1.2197 h1:L1vO/u57jrrq49mjD0qODs/I7cAZ+te2x+P5z/COwsY=
golang.conradwood.net/apis/auth v1.1.2197/go.mod h1:CvGO3AEYMfIg8DJ6hwLf/VxWwacNT8ww5ZXa5609uSs=
golang.conradwood.net/apis/auth v1.1.2198 h1:8Lk6WG7NvzZNI+Ig7ACDjxm/e/4sSSE74cNbIMA73kE=
golang.conradwood.net/apis/auth v1.1.2198/go.mod h1:dsW+aPE0jvl0QmhgbyUi9ioIfoYRv4NccmHKBnxkIbQ=
golang.conradwood.net/apis/auth v1.1.2199 h1:gdoF4rKezIhW55PA4neB88gUZfUNiT4ZF+lCiltnLT8=
golang.conradwood.net/apis/auth v1.1.2199/go.mod h1:rPCjqVYJo/TjAa99Kux9Y/ltOzgOUaZ4xdY0pVSWwSM=
golang.conradwood.net/apis/auth v1.1.2200 h1:7JxJnCbazOy6vevNO7/XxyK8Y0End9NZ5gNwkO42xpg=
golang.conradwood.net/apis/auth v1.1.2200/go.mod h1:N8TtF1tdA2g17zwoFfSCV5Yt6u5AG+AgGMTBsweyOp4=
golang.conradwood.net/apis/auth v1.1.2201 h1:OLKP+QkAMbZQWbIO86rwWQ56rnQmr9g9VY/5Uc1qGwo=
golang.conradwood.net/apis/auth v1.1.2201/go.mod h1:CAFdgdWFo1BMoauC285XLTokSGDa4IATo67O5yCGTwc=
golang.conradwood.net/apis/autodeployer v1.1.2147 h1:K7sqTXh7ssL7T+oJLpz4W5I2F/cM4siHZPLpD08TnX8=
golang.conradwood.net/apis/autodeployer v1.1.2147/go.mod h1:4rHb8HkdQonr9uFITV3etrvt1X7thsBZ2WUQHYnHHyY=
golang.conradwood.net/apis/autodeployer v1.1.2149 h1:1/fWGQgTSvX046xMS7aAVqQTUKk+6gIiNZK6pvJma+g=
golang.conradwood.net/apis/autodeployer v1.1.2149/go.mod h1:OQ6pskoJmDcJYLgm4WaqCIkLzObLj03e3DS5F6gGuYc=
golang.conradwood.net/apis/autodeployer v1.1.2192 h1:vEKB+olfxNEkVXr11M3JBGJ3OCrbth0XYL52kikJWXc=
golang.conradwood.net/apis/autodeployer v1.1.2192/go.mod h1:EXcJrDBbDAXF2ikeD8LWy+GkoQrfy1ooGVEHBEUeyzQ=
golang.conradwood.net/apis/autodeployer v1.1.2194 h1:8a4MBsMDmDsnngC5yh0NwnY04c5fQkSozV6gGXdOmkI=
golang.conradwood.net/apis/autodeployer v1.1.2194/go.mod h1:f4iJ2aiTe+0m1ZE7+Lg6mi+V55L1iqzv7VXSiTjn+R8=
golang.conradwood.net/apis/autodeployer v1.1.2195 h1:A7CQbEN+XnJ0MYP3Cg0Lu0F0RwiONqaZmr8M++BMqv4=
golang.conradwood.net/apis/autodeployer v1.1.2195/go.mod h1:lXuHH/9ffHhuOBXSbgbWF0s6F+i7y4pVkr++r128AbA=
golang.conradwood.net/apis/autodeployer v1.1.2196 h1:/Rwvbtw5EkYZ+JXl02PSnOtPQRG3BXBI+F2+8MePZCk=
golang.conradwood.net/apis/autodeployer v1.1.2196/go.mod h1:ux+OfOjpd21M0z8iXhEKZQkYHnZAjeLqP18h8B8RYA0=
golang.conradwood.net/apis/autodeployer v1.1.2197 h1:w9qCf0f6a6NzELvPVjnJw9FEGUaEfjjWyysfHYw3aKM=
golang.conradwood.net/apis/autodeployer v1.1.2197/go.mod h1:DaySgi8/pEzLQq6MsQPh6cgDBs9oWYgJhkzrPUOD/Uk=
golang.conradwood.net/apis/autodeployer v1.1.2198 h1:zf+EAlLp9vAKlQDlKqjTrlPSV2NDON1BufE+kAnL2+U=
golang.conradwood.net/apis/autodeployer v1.1.2198/go.mod h1:xBX3HrHDeE9+UnAayA+2fP/KpADan/2z4naAi/kVvU4=
golang.conradwood.net/apis/autodeployer v1.1.2199 h1:1gnxy9ORxxkbPkgIqA+QdjTC0Z5qOs0cAMOO/cBgH2Y=
golang.conradwood.net/apis/autodeployer v1.1.2199/go.mod h1:pIykpQMAduhchcjRKw19yKA+ZE6NN98qIGeEGBfw4+s=
golang.conradwood.net/apis/autodeployer v1.1.2200 h1:RRcF7MKIbla0kG2fmZUGDnWOdRdMl/wSkwRl+/UiY/A=
golang.conradwood.net/apis/autodeployer v1.1.2200/go.mod h1:wY1JPtf5RLoiMe6i9eW9aSCtvLHPwj98G9JUE7gxyGM=
golang.conradwood.net/apis/autodeployer v1.1.2201 h1:s2no23rvs0vK8QI3fOjMNRG2oAImo7l7+V6cuXfQbGg=
golang.conradwood.net/apis/autodeployer v1.1.2201/go.mod h1:b1mlTca7yYwnWZMjTsk2UGukKHRoL8WxwJdUKLkNuHI=
golang.conradwood.net/apis/certmanager v1.1.2144 h1:iBOJJGr7XWuP6WPpXS2U8lWtJxIUGrSzF6JqpcQ2S1I=
golang.conradwood.net/apis/certmanager v1.1.2144/go.mod h1:j87VZNFtE524kkpNvjBFwMzwpAbqaD5qTs34/y3lkWA=
golang.conradwood.net/apis/certmanager v1.1.2149 h1:fWoG039cVNfYjYUZx4mKpiFqd3gAYTqrmDBRYva1Ie8=
golang.conradwood.net/apis/certmanager v1.1.2149/go.mod h1:tW3onFTRtnyWZS2LyemNXUmiAjTnSLxMmdven7TFD4g=
golang.conradwood.net/apis/certmanager v1.1.2192 h1:UKh/7MeK30Gt+9529rLvBjk54SeGbweTysHR94R9uqA=
golang.conradwood.net/apis/certmanager v1.1.2192/go.mod h1:bWGTyAOITx9B/AQMg2oD2QiETKac0Dt+5WV566+U7KY=
golang.conradwood.net/apis/common v1.1.2147 h1:szAsTiyG3eqKtcyB+hPtgFyIDHM0y+9Xq5o4A49PER0=
golang.conradwood.net/apis/common v1.1.2147/go.mod h1:w6FF+lCdZHWiCeedCH/5BrX9FNch78mvYf/ewVlouKE=
golang.conradwood.net/apis/common v1.1.2149 h1:J39m7qZYAzAxIZNaLtHNiA+NQeQHy+ZQKXZGLb6ZQkM=
golang.conradwood.net/apis/common v1.1.2149/go.mod h1:NudCroorpAlUbJnoBRW5Pg3IQaiYtkweJ2YyZlWm5lw=
golang.conradwood.net/apis/common v1.1.2192 h1:oq9VvRdxhU/h9khMCgOhrEVP4FECDw45di+mrapRx0Y=
golang.conradwood.net/apis/common v1.1.2192/go.mod h1:PaioznSzum/a8w+dcun7qplEnPKyq2Rh9SrexjVI7jE=
golang.conradwood.net/apis/common v1.1.2194 h1:W8UiPdHMynsmSmZY8XAnOjM9ZrQPsdbrv28ht1Xm2Ik=
golang.conradwood.net/apis/common v1.1.2194/go.mod h1:cHirm7QBgO7I/cja81zE8GFhlntX2AvrEb8KUFbBcYU=
golang.conradwood.net/apis/common v1.1.2195 h1:c+EwH7J2s3tDUKvAKYNFywkMBD1dKaAviMrl2YMQXhc=
golang.conradwood.net/apis/common v1.1.2195/go.mod h1:fzr0sP1YlhRUo+4Ye6N3o9QwPDmIFcMSawEGsPgK4PM=
golang.conradwood.net/apis/common v1.1.2196 h1:PYAnFpDIJeMx9zPAdXXbk1b8Ha0mIw9iCGIeHOAoWA8=
golang.conradwood.net/apis/common v1.1.2196/go.mod h1:sw8zIWn2H5UrQE2JhT+ZRRNEtx5nfUyE90qv68yehJ8=
golang.conradwood.net/apis/common v1.1.2197 h1:+yPsI281v2t9qstoaQmq3gtdyc6DfgDa3liP7RyIidQ=
golang.conradwood.net/apis/common v1.1.2197/go.mod h1:ZRTeq/LkaC1FEnHhPg9+fWxh3lPkMju9BDN+Kh1ECDw=
golang.conradwood.net/apis/common v1.1.2198 h1:rhjmZ67URmWwVxdxS2jk/wtrK5XwNXoAOc/29u38Njk=
golang.conradwood.net/apis/common v1.1.2198/go.mod h1:OvY9V3jwj2q77tB+AsuBmql524awVJBK+eByy0FlVCk=
golang.conradwood.net/apis/common v1.1.2199 h1:TmizN9OoE6zkDo3RJBvqjvrdXYbx0z8Eniu88ww7SsQ=
golang.conradwood.net/apis/common v1.1.2199/go.mod h1:omV1F8hIAgb84At8Ixoisx79+j+zBifOapNhJ4IgsXU=
golang.conradwood.net/apis/common v1.1.2200 h1:+AADJPI7vbTW62ure/GP8vq4bnlm7/CvWEf6tZys4vA=
golang.conradwood.net/apis/common v1.1.2200/go.mod h1:Zf9rK+HDMAcpy+vIBJxIh6owIfTLSzBRn1ZudMT8SBc=
golang.conradwood.net/apis/common v1.1.2201 h1:H2BJI7OARgXenJopDBgazHw7gMEKi3XXquWVl4Obu/M=
golang.conradwood.net/apis/common v1.1.2201/go.mod h1:3lFbXi+eqY6Dwt8AkvoPXsJJmMfUNgR+uMKoYwFpb9Q=
golang.conradwood.net/apis/deploymonkey v1.1.2147 h1:dtw/cLectTPK9YwWHM9jt8JuZHshs5qzWwcb4yN6enU=
golang.conradwood.net/apis/deploymonkey v1.1.2147/go.mod h1:xUoYCZ5p9WdAGmBPsfyKKyiE2+o7E+tUR6dpsMna0h8=
golang.conradwood.net/apis/deploymonkey v1.1.2149 h1:KPJ4HABthCFYTEtC7pxbYdFmx4Jw2XUDBE9PRZ3d+go=
golang.conradwood.net/apis/deploymonkey v1.1.2149/go.mod h1:IMN1YtaPhOWw7QAoCA7MZKYtsQDSbWzeetsl32uzrmA=
golang.conradwood.net/apis/deploymonkey v1.1.2192 h1:z+Zlh9V9c3g+hyIDzomqy+TLWYkgkJ8g+0OdbqblF50=
golang.conradwood.net/apis/deploymonkey v1.1.2192/go.mod h1:J8hPFJJjXTkNuA1hRPc+l1TTSfiESB6J3Ke1SP/XjKU=
golang.conradwood.net/apis/deploymonkey v1.1.2194 h1:l3v4G520xXexbq0y1Z2bV8/pI+PmBDIoFHihYda2Rn4=
golang.conradwood.net/apis/deploymonkey v1.1.2194/go.mod h1:0B7Y9qfBpbHTnFrHuxdwh0UA1GikSHc2Zu0eonmZmtA=
golang.conradwood.net/apis/deploymonkey v1.1.2195 h1:b7euok67+kvJiXggR8atXvl0+ivzT9pSebe2KpCzh14=
golang.conradwood.net/apis/deploymonkey v1.1.2195/go.mod h1:NXKTQhMQY3hJwhzct0jXq5NZ55sPkJS9OTDtz3j+ssU=
golang.conradwood.net/apis/deploymonkey v1.1.2196 h1:4g5k4RwqzXParer5mHJrDGIh2TlgXxVwBZj5ozqUTWg=
golang.conradwood.net/apis/deploymonkey v1.1.2196/go.mod h1:SiG8EavrBLJN0tzmfBfzA2TYa6t0DTXW6UDfcVQhlhw=
golang.conradwood.net/apis/deploymonkey v1.1.2197 h1:LlNZ4phTlicppGwPMJVCkPfnEv1wJixPvujnBrioIX0=
golang.conradwood.net/apis/deploymonkey v1.1.2197/go.mod h1:OmibT9MtitrGXgB3zqcJUPjxWkezWi6nvWMx522qD3M=
golang.conradwood.net/apis/deploymonkey v1.1.2198 h1:sCe4TcpUQkHA85EAvFTDx8aSk4s1x1Ia8NDv/JdIQzk=
golang.conradwood.net/apis/deploymonkey v1.1.2198/go.mod h1:Wfu5a9GOf8gHjRhS2+ewXk/bQzG8yhSrrEhj2mkLnvc=
golang.conradwood.net/apis/deploymonkey v1.1.2199 h1:uM+eLk+RlUal/14X9F8r8D8zp5q1dzxR9/YHQivYdyk=
golang.conradwood.net/apis/deploymonkey v1.1.2199/go.mod h1:doyqjpaWPUA2FUqSiiScV4EkWKOBbYfYOPwW+ODWgdE=
golang.conradwood.net/apis/deploymonkey v1.1.2200 h1:f+8o4N0/jK9ZobdBD6jLaFeUzepfoN8rRL21ngMxH3E=
golang.conradwood.net/apis/deploymonkey v1.1.2200/go.mod h1:BmAZLyokoYOWXHkWKJF33Zyw3ECGBgba3qL3GL+p1w4=
golang.conradwood.net/apis/deploymonkey v1.1.2201 h1:oYAGhMOO4SJ0gyz+iCAXzVRhht2FJ+wQ5rkLteJReu4=
golang.conradwood.net/apis/deploymonkey v1.1.2201/go.mod h1:ImGpvJICOG0YfouXtLF4UFX7kLBUsJvWO6MkbMfyu88=
golang.conradwood.net/apis/echoservice v1.1.2147 h1:jGlHk5XKs+JbVIJ+y4/RH/BJLv9irgVr07HIJf+ZFk8=
golang.conradwood.net/apis/echoservice v1.1.2147/go.mod h1:G4IZvpV0hfPiaEN6+9P55Hptg989jm8t/voPQ72frRM=
golang.conradwood.net/apis/echoservice v1.1.2149 h1:Q4rFX/O7IiDhwALqlksR+msfldHKpQw22ouy2ZquXLc=
golang.conradwood.net/apis/echoservice v1.1.2149/go.mod h1:w+bwty3xwxeJ3kg9D0kiz4I7IDP5uvtSHPBEHR7gV7k=
golang.conradwood.net/apis/echoservice v1.1.2192 h1:6Tvl1mRAr3EqwqylJ9YuLytJRUN6mBgNfPoJrqfEAzs=
golang.conradwood.net/apis/echoservice v1.1.2192/go.mod h1:+H8f6M4X4ov77Sup3G6NsChRfxruLxdq2vNeoFZrkhM=
golang.conradwood.net/apis/errorlogger v1.1.2147 h1:k7203XmfZ5u1MXzzCBQ2f5ABlRupLZc60rtPnkubI/g=
golang.conradwood.net/apis/errorlogger v1.1.2147/go.mod h1:qSRx52PVQQxcuGIBkC0KHiOjxsnc4WIayci4UKjz+bw=
golang.conradwood.net/apis/errorlogger v1.1.2149 h1:x3pLW0mmXjNH3hWixCgbVgmL7zGizPbOkMRuXmordYc=
golang.conradwood.net/apis/errorlogger v1.1.2149/go.mod h1:bY8N389azY8YwZ0oleKqxUlIAFsO5zG8hy2a1n0SegE=
golang.conradwood.net/apis/errorlogger v1.1.2192 h1:YmkTTn2GATADGejk1Sb7vTgGQVts44iKLQFrY1IT/4A=
golang.conradwood.net/apis/errorlogger v1.1.2192/go.mod h1:yTCZUgX08P3ckA+V5pGvTKbj+k7sY0px5nUZEtOEezk=
golang.conradwood.net/apis/framework v1.1.2147 h1:+l76X16SALkbiYjg9V3f9wuqt6sebaH3hBq6YeffxLY=
golang.conradwood.net/apis/framework v1.1.2147/go.mod h1:BPTDbMyvH797KKVsRnNfljv6cnBTzOxHjoxhNzSF95s=
golang.conradwood.net/apis/framework v1.1.2149 h1:ovQGM9MUpbPmRTomE7IkM2M0Fk5ZK/A4VQTxMY8Saps=
golang.conradwood.net/apis/framework v1.1.2149/go.mod h1:hXe6v6siKnMVTwVnydNZNmBnuvAuvoxgMlQ4UyvvX2k=
golang.conradwood.net/apis/framework v1.1.2192 h1:Qys6TFfVQeozufwDJDLf84tg38CSvPH/ZwN3u53tPkc=
golang.conradwood.net/apis/framework v1.1.2192/go.mod h1:7az3phwX0BejFxfcxpiMxNk5CmGnjOobUjgH0+mCC1g=
golang.conradwood.net/apis/framework v1.1.2194 h1:/F+L1RsLl/sCzw00FlDuoqCfwjz3p+EDANaUVx1H/v4=
golang.conradwood.net/apis/framework v1.1.2194/go.mod h1:5ss3Tr+TyjpEZfqk0UWOZW5W7biRWjOXXFKvM4g3+dU=
golang.conradwood.net/apis/framework v1.1.2195 h1:cvz1Xsevyl3xPwKiP+QZl0GM9IW7WMzLzIaZmu1fwJw=
golang.conradwood.net/apis/framework v1.1.2195/go.mod h1:Qfd5rlP8sl7mEuYWpwTgh876DAWmW9TMypNCm9ekWzI=
golang.conradwood.net/apis/framework v1.1.2196 h1:oaecghTOtmWD53+kxhsnw7OzVh8HShZedTeUhhk7+cU=
golang.conradwood.net/apis/framework v1.1.2196/go.mod h1:tXYFRubM29VUcfHuGOPzRpgBuxuciu3KpY6g+TRHcd8=
golang.conradwood.net/apis/framework v1.1.2197 h1:vBp+HQG/xsIXYOT/WlMAbkkpk/Wb/UKJ/c+1RaRyryk=
golang.conradwood.net/apis/framework v1.1.2197/go.mod h1:E38mfh1IGbMkS19tk13Lt0JE54bVaKhw04+qbd48MLQ=
golang.conradwood.net/apis/framework v1.1.2198 h1:68d0MGwLYw5I+m9DhjIELBCtt25kO9+ORr489gFrsGk=
golang.conradwood.net/apis/framework v1.1.2198/go.mod h1:x9cambsYAFqnrQMsL/MAU1l3Euxa+Ym4vg6xzlQiTqc=
golang.conradwood.net/apis/framework v1.1.2199 h1:XiHhpN/0MPl/MPrPipbfsaYwFOQ+AnUQQw2grBYCwzU=
golang.conradwood.net/apis/framework v1.1.2199/go.mod h1:nDExOk6ZN3jbV66FCSTj3z3db+kl/5KJ04/eGpgtUX8=
golang.conradwood.net/apis/framework v1.1.2200 h1:YuzW5k0BG/CfPN1qdhJNSNsz2SKLz7M2Td7BJMwyZX4=
golang.conradwood.net/apis/framework v1.1.2200/go.mod h1:XmAEF+G4Wrt7BkLgnvn6IPu6f07nlkPs3KMYcYHaN1A=
golang.conradwood.net/apis/framework v1.1.2201 h1:im9D6U9NOddXRUu6/NbE1fwAM0dwBUXpV+tlTo/Zj8M=
golang.conradwood.net/apis/framework v1.1.2201/go.mod h1:IJFiq8fr6GzPULZaWPovNy0WnM9UFZXcI52QUAsL0GI=
golang.conradwood.net/apis/goeasyops v1.1.2144 h1:iu15WvutszqbJn+eowmoAMQLLrcFqBPXlbvRbKKDWCs=
golang.conradwood.net/apis/goeasyops v1.1.2144/go.mod h1:d9hEpZkT7EBWa+SAQ5NyJD2c4pvcgu+r1jJVQSdNCKI=
golang.conradwood.net/apis/goeasyops v1.1.2149 h1:whEGmD8N0CtpZBmS7MNHTb1E/S6bC40QcZfBo1e7zhc=
golang.conradwood.net/apis/goeasyops v1.1.2149/go.mod h1:WD+Pk+a7moLhzBo50w+hnZxM4EbumMi7SONFfq8nLLs=
golang.conradwood.net/apis/goeasyops v1.1.2192 h1:Q+9x5l25k27hbul7sRchb+xkiEZfwo9PQr79SO6JgDA=
golang.conradwood.net/apis/goeasyops v1.1.2192/go.mod h1:EHCIAq1RgeCCnJMTZhhGeWqMgnev4bSqLAw5K3kb1NI=
golang.conradwood.net/apis/goeasyops v1.1.2194 h1:tlimBnGjfVwja0HXSSz43t+8KZpmxqzqLMQURaaA7uo=
golang.conradwood.net/apis/goeasyops v1.1.2194/go.mod h1:hHFpshkMBjXZxbESXQnlFI0ZTr4Z7RIXboPC9dxTQK8=
golang.conradwood.net/apis/goeasyops v1.1.2195 h1:2zGtIBdx0UtMcfSv40KvAWJCV6BoScr65FCk6+bgpUA=
golang.conradwood.net/apis/goeasyops v1.1.2195/go.mod h1:sAMQMwvP/5AmLj4jIqk5HFvJq37BoM7/bh3wutJ+WPI=
golang.conradwood.net/apis/goeasyops v1.1.2196 h1:UihDLVO6cFbuVPBbuaViKs1EEVjM6QpHfZoMSCbIJ0U=
golang.conradwood.net/apis/goeasyops v1.1.2196/go.mod h1:qaOOI7DqSUxrvWU+y1JJ4PauUdZP6KqRnHf0Azh9HyQ=
golang.conradwood.net/apis/goeasyops v1.1.2197 h1:46UqYnT/qpLlvEbW5RT3VuDArFBLw/+bZs5QY1QT90w=
golang.conradwood.net/apis/goeasyops v1.1.2197/go.mod h1:Karw8j9rPhkEgX4HqFC31AHTJ7nLvXzHWIAnBUVz+yw=
golang.conradwood.net/apis/goeasyops v1.1.2198 h1:4EcsvaLpl06lLVCoq0AhJ+RMq2k4Ppr7xBiHRkyd1Bw=
golang.conradwood.net/apis/goeasyops v1.1.2198/go.mod h1:1Dijqz1Ia1r1AIht848XnUJt+6MiC8oZ1y0MpQ/+LbE=
golang.conradwood.net/apis/goeasyops v1.1.2199 h1:nxUxyN/KmmboP7HlT5ezbIogP7ksaDuIIt1YWE9PPFs=
golang.conradwood.net/apis/goeasyops v1.1.2199/go.mod h1:UsT2P6U9UWLuKQwZgGdQMMK5gcVInlw/nCadBla2zFA=
golang.conradwood.net/apis/goeasyops v1.1.2200 h1:iCIejF0g7OoFjLtE8ExWRi+1l/8Ui9dNKZPQWSC1e/c=
golang.conradwood.net/apis/goeasyops v1.1.2200/go.mod h1:uuWd8+Kw8p3xtahlRMuljumQSrVoARYCcvlpI9Lf02w=
golang.conradwood.net/apis/goeasyops v1.1.2201 h1:MMpJG6sgxjyPPD3OXfIQY3+76FDFjnvWcTNrIFnOsjA=
golang.conradwood.net/apis/goeasyops v1.1.2201/go.mod h1:tWz+b3YYuyjbnp62fYtlosb9MWzDEyhsY7zC0nSqunM=
golang.conradwood.net/apis/jsonapimultiplexer v1.1.2144 h1:gyIv5C5PaD+6Tca20/7nHJmmdpbgPyhAuRnFbff0eMY=
golang.conradwood.net/apis/jsonapimultiplexer v1.1.2144/go.mod h1:SCum70oqlI6EL1L51W8jqWfQckEieCz4nePq6wFIRFQ=
golang.conradwood.net/apis/jsonapimultiplexer v1.1.2149 h1:JfFCWJ0fBq+wm9PH5H8T0ApSLIBAoU29Nc7llssMnZA=
golang.conradwood.net/apis/jsonapimultiplexer v1.1.2149/go.mod h1:kmE4cH6g+wV5EYxdZH5gWQDTZBDEaVs9jjclYr8dO8I=
golang.conradwood.net/apis/jsonapimultiplexer v1.1.2192 h1:bcYIvN6Ra5VWf8AytMhKHaWuwin2XzJpUyI4TzraPkE=
golang.conradwood.net/apis/jsonapimultiplexer v1.1.2192/go.mod h1:E2E5lvlv2R/HVvFScXU4Py8XLl2ZT/ZV216OrDDOfbI=
golang.conradwood.net/apis/objectstore v1.1.2147 h1:TQXHUfAkGzblbbV/0DO6pl2t6Jl8K00l2U3f03zSpeo=
golang.conradwood.net/apis/objectstore v1.1.2147/go.mod h1:fQMO9qqH0j3Mbpy0emak8t0gin0WQnJr1hxogsRqng8=
golang.conradwood.net/apis/objectstore v1.1.2149 h1:B6uVmtEU/6ZSS1KG9F5M9RiuQ2BzoVdMimo8qCjXefk=
golang.conradwood.net/apis/objectstore v1.1.2149/go.mod h1:dLfsbh2Mjmd/jnVwTRbQkZzYmIb3usHVepFnAJ+JuJ0=
golang.conradwood.net/apis/objectstore v1.1.2192 h1:IQzQm4ULjTDfnbqicjgbjfMm21UFuwZOfz5jiw8RxJk=
golang.conradwood.net/apis/objectstore v1.1.2192/go.mod h1:Tkz12YjOYfUBTyawJ3dERdoLPTNjaBHUV81E3JGxryY=
golang.conradwood.net/apis/objectstore v1.1.2194 h1:UlBtUK81wjyjMiyTSOFwucgbu/WHJlZ7x7LrOffvVa8=
golang.conradwood.net/apis/objectstore v1.1.2194/go.mod h1:KhxEGpqd+0y1b9uaU1Uw3m1GrQ8XuMJusLFYpXaqyDI=
golang.conradwood.net/apis/objectstore v1.1.2195 h1:e03EzJ9i4YOq3FAr03QuFdWupo+MGBk+vLxDKpSAlqg=
golang.conradwood.net/apis/objectstore v1.1.2195/go.mod h1:jB6FEdzBXYU6LO161GdRGZk5b+8o7OP/23ELEXfDY1k=
golang.conradwood.net/apis/objectstore v1.1.2196 h1:ehUtu5zsooNtYl5wZs8k0Denv5yfrD1OUULX6ucFgjo=
golang.conradwood.net/apis/objectstore v1.1.2196/go.mod h1:dmkmC2DsmehlYr62Nimf48HuLc/sEGWHowT/wuD7/NY=
golang.conradwood.net/apis/objectstore v1.1.2197 h1:FZrYcc0d08hBO2hom//zlr1mc0Mvbysjy6Aa6ACChWM=
golang.conradwood.net/apis/objectstore v1.1.2197/go.mod h1:1tI5OK0FyON0O4LxtcYf1ndEZTO/vsG6ZIWSxWFgldg=
golang.conradwood.net/apis/objectstore v1.1.2198 h1:ARsMNsBZaUhjvw76RCFZyUOlU88n6cdnRhG4vF4IbMI=
golang.conradwood.net/apis/objectstore v1.1.2198/go.mod h1:MgfNQ0J45ydffQapY2HTRjbNaM7+2W2CQcTc4tScGY8=
golang.conradwood.net/apis/objectstore v1.1.2199 h1:Co7UnzTvcsYSe7ZZTyjkh19Yu1da4hbhU1214GdugaA=
golang.conradwood.net/apis/objectstore v1.1.2199/go.mod h1:WbMyxBNCAQSet6aiKiTNmx9wO2WOsJJdiQYCHim4tpQ=
golang.conradwood.net/apis/objectstore v1.1.2200 h1:o2p7xB46Bet+puuWsTDU2xBlcrBVLyA4Nd6jtR6WrS0=
golang.conradwood.net/apis/objectstore v1.1.2200/go.mod h1:2QT5RFE82/K5E/Ut40OagQ7wAaDxkK/g7EKicIv1LBo=
golang.conradwood.net/apis/objectstore v1.1.2201 h1:KtC9k32lFh9HxrGe7FkJS+b8SRl+qRTpQ/KuBpnjrHw=
golang.conradwood.net/apis/objectstore v1.1.2201/go.mod h1:OTU9jM05SzRmGFhcnKxm/tKl8yJor3vm2NE3OHVC1aA=
golang.conradwood.net/apis/registry v1.1.2147 h1:lzKIZ7kE5NaGbvD9XgpiZmFEiPY54jW1NM9Im1cxAjM=
golang.conradwood.net/apis/registry v1.1.2147/go.mod h1:sarLDbgkKQhTT2lyWBEsYMhkCszdjxvtWk+r4msIhig=
golang.conradwood.net/apis/registry v1.1.2149 h1:UoooT8S0+aV1chVT3xFtsgIzU4vumeUF9KSkLEisjcY=
golang.conradwood.net/apis/registry v1.1.2149/go.mod h1:ysAnkrEfcLn1+PRYYH9Z6zNU09EQb+Q+Yg9nyjDq7q0=
golang.conradwood.net/apis/registry v1.1.2192 h1:htbUd896ACRnlBAx3THB57zosc3ww0pTRpfHUMKvJ0Q=
golang.conradwood.net/apis/registry v1.1.2192/go.mod h1:jyrzSPe1ThDL24d+mgmiQkmXmtSVRaLwehyldPSJ7io=
golang.conradwood.net/apis/registry v1.1.2194 h1:qMXPhaw6TiB3YXtGojU0+t9KnoMISVbndhVhyv+s6+c=
golang.conradwood.net/apis/registry v1.1.2194/go.mod h1:bLXdduzksR16j/84kjEgN6eoHPdKXtEBUiL1dzileEk=
golang.conradwood.net/apis/registry v1.1.2195 h1:1GLxoVtRAMxyHxSpfLJoDpek6s8jeGsh2vBEyJlHQvU=
golang.conradwood.net/apis/registry v1.1.2195/go.mod h1:uuK1DcIDloUO9xWHlr2u31bKlzRl5xXxYzi6fhGmuwo=
golang.conradwood.net/apis/registry v1.1.2196 h1:BIEjowrzXNJEMrXR5br6lRIJOjFKIJQ3eFL+w+AbNPQ=
golang.conradwood.net/apis/registry v1.1.2196/go.mod h1:X8bneYkj5iwTeYVTZUc1HyZzGZSJ5elqB3TbhebHG0Y=
golang.conradwood.net/apis/registry v1.1.2197 h1:174Ci1n5jOJawSRKJIhYJWE5cn5R3WF09Xlhn7oQOcU=
golang.conradwood.net/apis/registry v1.1.2197/go.mod h1:HM5yLtVFgDxau4Uw8Yj0zqW8U6RS4fDr/TGvVVu4ifk=
golang.conradwood.net/apis/registry v1.1.2198 h1:XqPtBRfn+SZRDE9dLCYBIfk2R8/dJY9xJaxbnzGaDoc=
golang.conradwood.net/apis/registry v1.1.2198/go.mod h1:0mqTtRs5RpMVh7/vKKlcUE/jbGUF7GjB+bE1oJowUxo=
golang.conradwood.net/apis/registry v1.1.2199 h1:1bsXw19a44W+y4ZZeupH8MmZuIrxOmb5qO4R0cKBYfI=
golang.conradwood.net/apis/registry v1.1.2199/go.mod h1:Qt1ob/xBrH/zUfO/MTC5yW4u31XDSz+8L/TKw4/KLfs=
golang.conradwood.net/apis/registry v1.1.2200 h1:Xh7NIawlQZA+/l+uXnpK/rhgiAOz8tvRhgEp7jnt3g8=
golang.conradwood.net/apis/registry v1.1.2200/go.mod h1:3cmqRRkKCS2NR+STOCr48kDo0qgUA+1Cq8Ajf3BAlm0=
golang.conradwood.net/apis/registry v1.1.2201 h1:s6m8QuVXkc/8lth1eADs/ujlCin2lf1efJZqgZdcT1c=
golang.conradwood.net/apis/registry v1.1.2201/go.mod h1:M+JSatjCWDEOpyFt8tezgtPG9EiegkSO20oS3myqeEA=
golang.conradwood.net/apis/rpcinterceptor v1.1.2147 h1:1hkprGeL43xLoTKu4JEyKACUWva8jeYGTtKrAveFRWw=
golang.conradwood.net/apis/rpcinterceptor v1.1.2147/go.mod h1:QYaMCLJATMZKUjHNqkCMPvEr3Kii0CDzTbr3pkS7YzQ=
golang.conradwood.net/apis/rpcinterceptor v1.1.2149 h1:v49+9zM6ht367alTgLvD8NKOgmV+Mbu9n5y3rIM1Y5g=
golang.conradwood.net/apis/rpcinterceptor v1.1.2149/go.mod h1:7z7aAw9yyH0ASogoO9RlSk1rpjS5qStw4UQUQfIKt18=
golang.conradwood.net/apis/rpcinterceptor v1.1.2192 h1:mKfakohdtT4ZeBtC2r/9TET+jjCTXog9WmBTt1jIfxU=
golang.conradwood.net/apis/rpcinterceptor v1.1.2192/go.mod h1:8GxQgk7VuSoAuqRT0Y4Wr3xBCPWZK767vSlQsulywdk=
golang.conradwood.net/apis/rpcinterceptor v1.1.2194 h1:AuyDhzHvBx9II5MU7aBgHG/CW9sUiRUCR2wDf09OOjg=
golang.conradwood.net/apis/rpcinterceptor v1.1.2194/go.mod h1:VCpOp74z6YJWyMNM7AlQP7WBp3WkgrrtiM3mSTRcKDE=
golang.conradwood.net/apis/rpcinterceptor v1.1.2195 h1:CJ9FT82f0qlphVIFSFyViUVspU6ivSbiVjly8UBs/sQ=
golang.conradwood.net/apis/rpcinterceptor v1.1.2195/go.mod h1:fFZyW6lWQgZZx9J4uaEwZ1ZAFVhGKwxLsIGaRiPbIWg=
golang.conradwood.net/apis/rpcinterceptor v1.1.2196 h1:cAUh47XA06w3p7y87V1hqIfnkjtJGbhO0rVg/waP2D4=
golang.conradwood.net/apis/rpcinterceptor v1.1.2196/go.mod h1:jTNunOCJGOa76HqCQ5Y8QQt7nKWzRJ8f5Rje4mu8+04=
golang.conradwood.net/apis/rpcinterceptor v1.1.2197 h1:eCcmpdW93rPedI1cpcI3r3d/d89en5bBrJjvI2PhL9Q=
golang.conradwood.net/apis/rpcinterceptor v1.1.2197/go.mod h1:kRNmswPo8DswajCC6THVPYJYbiTsb/U5gCFpKIMFcNM=
golang.conradwood.net/apis/rpcinterceptor v1.1.2198 h1:nQRuAVLkbyCD+eJMaPuuCbOyrkCkPhlvT6Bqlm8KbQw=
golang.conradwood.net/apis/rpcinterceptor v1.1.2198/go.mod h1:15ob1cD33SoCH/ozJOLfU8V0N2GnhXJm9TS+gGx9t2Y=
golang.conradwood.net/apis/rpcinterceptor v1.1.2199 h1:UmSG+WV27TQCXwoMRDCSlhnNT1mltJNAu0fYcoqmeWU=
golang.conradwood.net/apis/rpcinterceptor v1.1.2199/go.mod h1:GkVlOvdcgAvNyMq/IJQts2TTaDsOmlSQqeZW0SqKICU=
golang.conradwood.net/apis/rpcinterceptor v1.1.2200 h1:97re9B6t38n26+gB843s25wSyl/4A1szRQDw8NTomiA=
golang.conradwood.net/apis/rpcinterceptor v1.1.2200/go.mod h1:4ppdYCwhV55d1MHbQOboAxGpS0kMSSh1LjHMqwNP8/c=
golang.conradwood.net/apis/rpcinterceptor v1.1.2201 h1:/DYWy6/ltMpJJA7nTVrvqqp2XUxMwL0Hx/AVxe0RHgA=
golang.conradwood.net/apis/rpcinterceptor v1.1.2201/go.mod h1:jATOtMA39vwsfDB+OZKGW8AUmJbAILP7Q5Dnqdc+4eU=
golang.conradwood.net/apis/usagestats v1.1.2144 h1:aQ4CcQBaldUCAZphDM38NhPJz5o6dsFFrJBk8GLzzrg=
golang.conradwood.net/apis/usagestats v1.1.2144/go.mod h1:R0wtb2FwbQyxe2eJQCsvUG5l2TFMcKZC/Yu5YciVWmg=
golang.conradwood.net/apis/usagestats v1.1.2149 h1:oRqT/neJ2U13iKBH9p69682H5hAb1kC2TMaP8g0r554=
golang.conradwood.net/apis/usagestats v1.1.2149/go.mod h1:YubGEddmW3gHQLpaPBKLPJ+A+WbTMxmysAm00kfm+2A=
golang.conradwood.net/apis/usagestats v1.1.2192 h1:Mc++ILib3BZAXNX1JQz6B158+7j26RaO0gUsTETKXhE=
golang.conradwood.net/apis/usagestats v1.1.2192/go.mod h1:gCC6kL4jdH+Ein0KNSsOJoVkQohuxatMN0GFjpC+dQs=
golang.conradwood.net/apis/weblogin v1.1.2144 h1:Pt4JAoNJct1JKhLhD3kTf4g4s3Hday9xCn1IDTchBeg=
golang.conradwood.net/apis/weblogin v1.1.2144/go.mod h1:uH6FgEayKg7gQwLzcrOo+2vcMi3seu/t03DLybwu0kY=
golang.conradwood.net/apis/weblogin v1.1.2149 h1:qjODjyraj6Vclk5g14ZJpL0l4PhkgaWtAPGUNgsUsBI=
golang.conradwood.net/apis/weblogin v1.1.2149/go.mod h1:fK0aZ8FBkLhrsAwSUZ4Vlx5f9uQwYw7GFJFxAmT7+sA=
golang.conradwood.net/apis/weblogin v1.1.2192 h1:+z+kuv4V9MNc5BJLdJVeSBlczcTUOHHZg+SR3dcOwvM=
golang.conradwood.net/apis/weblogin v1.1.2192/go.mod h1:lbUx1PizdN2iPxxjEb2SkCPbg6mnAY3OLVxzYBbCrfQ=
golang.conradwood.net/apis/weblogin v1.1.2198 h1:iEmENGQKODG2VujCGioS3nCMaFAH49AtFq02YxaeX3s=
golang.conradwood.net/apis/weblogin v1.1.2198/go.mod h1:CtNkkgJyHUMRAeSwo+x0nrvuxC/HtZ8tErRKbUe/FxI=
golang.conradwood.net/go-easyops v0.1.16499 h1:rN7Fn8U0UVJWXGN+OaKXjCIiU0UnqfCu64wazd7+sps=
golang.conradwood.net/go-easyops v0.1.16499/go.mod h1:WfxhVB8MmdFmUF6tmnSAR5v5PWF1GTrnXeYmkmTIOrs=
golang.conradwood.net/go-easyops v0.1.16745 h1:6ii8VcxzSnF9u0Fni1KRJJTHH5Xp41gfJdJrpWHXyv0=
golang.conradwood.net/go-easyops v0.1.16745/go.mod h1:yZf7C0FSt15iSXc6EkD6TTMUbju1h81cON5Bap1buU4=
golang.org/x/net v0.7.0 h1:rJrUqqhjsgNp7KqAIc25s9pZnjU7TUcSY7HcVZjdn1g=
golang.org/x/net v0.7.0/go.mod h1:2Tu9+aMcznHK/AK1HMvgo6xiTLG5rD5rZLDS+rp2Bjs=
golang.org/x/sync v0.0.0-20181221193216-37e7f081c4d4/go.mod h1:RxMgew5VJxzue5/jJTE5uejpjVlOe/izrB70Jof72aM=
golang.org/x/sys v0.5.0 h1:MUK/U/4lj1t1oPg0HfuXDN/Z1wv31ZJ/YcPiGccS4DU=
golang.org/x/sys v0.5.0/go.mod h1:oPkhp1MJrh7nUepCBck5+mAzfO9JrbApNNgaTdGDITg=
golang.org/x/text v0.7.0 h1:4BRB4x83lYWy72KwLD/qYDuTu7q9PjSagHvijDw7cLo=
golang.org/x/text v0.7.0/go.mod h1:mrYo+phRRbMaCq/xk9113O4dZlRixOauAjOtrjsXDZ8=
golang.org/x/xerrors v0.0.0-20191204190536-9bdfabe68543/go.mod h1:I/5z698sn9Ka8TeJc9MKroUUfqBBauWjQqLJ2OPfmY0=
golang.yacloud.eu/apis/session v1.1.2192 h1:2OQJ7QW3hsqrwAMiU6Jm6hSbhpZ/VDNDBAtZrEgX50A=
golang.yacloud.eu/apis/session v1.1.2192/go.mod h1:RjErysJ58f4cSvcI7QGv9J1tfcQo3NMlahXaVrUFiXE=
golang.yacloud.eu/apis/session v1.1.2194 h1:h8UohQ7AUlqt+slMxNp1JZUk9C1cLGB9yKy1qOjTNlg=
golang.yacloud.eu/apis/session v1.1.2194/go.mod h1:YmdByjl4U5jmP0xQt3VJ0W1tkmHzUHn0YGZg5T6xUvY=
golang.yacloud.eu/apis/session v1.1.2195 h1:SrwUAZnTR+ARgIyDUgSGMrgKBMwYrH1u5GHOd1r3TYY=
golang.yacloud.eu/apis/session v1.1.2195/go.mod h1:qA9c7QM/KjXizbtxPOIsBoBK2jsRBuMoY3v/QD0xvyI=
golang.yacloud.eu/apis/session v1.1.2196 h1:wzkGKeXMxUiyFLqN2Kpham7cbBiQQqLyJro1bMO0BBc=
golang.yacloud.eu/apis/session v1.1.2196/go.mod h1:3hs3tyyJNXmXWkloNQON34uEloFO0s7Eo/EOmrLcs3Q=
golang.yacloud.eu/apis/session v1.1.2197 h1:WVtTOeWfh2ESduzaJJPnzwRYg/jNvNIFX4qJxg3kMZU=
golang.yacloud.eu/apis/session v1.1.2197/go.mod h1:LDyLXlMjV21ORxC/srt+JId8ES2IBZwi7fwBh99DH5w=
golang.yacloud.eu/apis/session v1.1.2198 h1:VIdHn4BpZ1mv8PiWTfMs1RxDbx3OUGkwQqC7llNCfcM=
golang.yacloud.eu/apis/session v1.1.2198/go.mod h1:lUoRYr+A9uK28uYlS5SsPJiBxemhRDEZvroiAsBvycg=
golang.yacloud.eu/apis/session v1.1.2199 h1:dgZma9VV0g8zwR+extXFBqr3c1VFCt4Vrw9ENX/t9g0=
golang.yacloud.eu/apis/session v1.1.2199/go.mod h1:RCPVSEbDA2jsuFl6CtXirItJA1HUS+Cx2IunEM//l/U=
golang.yacloud.eu/apis/session v1.1.2200 h1:YYq/02RY1ni3ZUdMlFNk8TZKiKAD9e7FBxoO7cL2Q5w=
golang.yacloud.eu/apis/session v1.1.2200/go.mod h1:zn4dagZ9fIaR4BA39jphh1yfyPZHoigvMoUORfEO20Y=
golang.yacloud.eu/apis/session v1.1.2201 h1:yPBt2JZp3B7jzO7hqHa6Pye4ArWyiPtQ1EiLV8/5KD4=
golang.yacloud.eu/apis/session v1.1.2201/go.mod h1:8SvG1ktASc+FhaZcMV+sIpBJjvpBq6QA0POuB2qQQvE=
golang.yacloud.eu/apis/sessionmanager v1.1.2193 h1:rq1T8BdnubvcZ8uFBm3rPxfxWte6r+TYA1AcLoYTCc4=
golang.yacloud.eu/apis/sessionmanager v1.1.2193/go.mod h1:W7t47nKs4ekwm0n9sfOGGlzpEkbVg+9b43/LjE21WPE=
golang.yacloud.eu/apis/sessionmanager v1.1.2194 h1:FgpJiNYBbujOhW3SPCAh/7y6C+GkVPoh1shjDrXy7II=
golang.yacloud.eu/apis/sessionmanager v1.1.2194/go.mod h1:ZOW9mfnNYBVCRPbYwpA0mlkTQo6CCfgHiU09eMYv/GQ=
golang.yacloud.eu/apis/sessionmanager v1.1.2195 h1:L3E7oDGuMKoWGwvDjyfocDZrK5QyvbvyaTSXWlSLOUI=
golang.yacloud.eu/apis/sessionmanager v1.1.2195/go.mod h1:GQ2voAp4GpHLQ3AJrtB/bXNK0U5UdD9a6CmH27wnFOc=
golang.yacloud.eu/apis/sessionmanager v1.1.2196 h1:G4YSrykJrWMQMc6canV1DTGrPHJd4xOqn56hDnpKyts=
golang.yacloud.eu/apis/sessionmanager v1.1.2196/go.mod h1:ErN/cbm/aXGAVS+JXyKkHQJlJ5V+svpheql6NSBxm9g=
golang.yacloud.eu/apis/sessionmanager v1.1.2197 h1:v2K10XOi7K1f9SwZoaornW2n++Mtpnz6ob/iYYEvzrU=
golang.yacloud.eu/apis/sessionmanager v1.1.2197/go.mod h1:KwYiAvkWHnMiN0HjBuYKFfpr8Q8tzLRdbZyv66EcQOE=
golang.yacloud.eu/apis/sessionmanager v1.1.2199 h1:CUepwZ/rrgWockmCR0xhg6Vl81GDKmBYWgnSZp+710I=
golang.yacloud.eu/apis/sessionmanager v1.1.2199/go.mod h1:798+mPZEfDQ0aXXwKev1IQ93z8ygDX+uPMb71UlK7pg=
golang.yacloud.eu/apis/sessionmanager v1.1.2200 h1:j5fgHDhG4/st0Ek30eupKW3W3R6xECefcBkTB39dKso=
golang.yacloud.eu/apis/sessionmanager v1.1.2200/go.mod h1:3SQva71UOaO0P39yt7HYoi7RtlevakSVpPemzkft3Fg=
golang.yacloud.eu/apis/sessionmanager v1.1.2201 h1:MISx/0NuYnX05oxzRb1T5S7rMSxCk7/S9iTWEgo9E0w=
golang.yacloud.eu/apis/sessionmanager v1.1.2201/go.mod h1:tkBPyRrB925Z6a2aVbjUN0Ji1kdp9IIpz+gbBtP1yO8=
golang.yacloud.eu/apis/urlcacher v1.1.2147 h1:QlUXs5k8yaovJa8tU+GVEJHuc2Ms8aU7CiHsS1brZzo=
golang.yacloud.eu/apis/urlcacher v1.1.2147/go.mod h1:79kiDp9JOTpl26iBZSnfBSaDOKiJ9u++13QHmIToTXk=
golang.yacloud.eu/apis/urlcacher v1.1.2149 h1:9sxsMtZfO/06k8rXrFqRpmhZatG9KEFHgsqbZ4fSYmc=
golang.yacloud.eu/apis/urlcacher v1.1.2149/go.mod h1:+UsRnwguOqWWvZXRJeSOkyWtxqjZ5H+27M74Zz543uE=
golang.yacloud.eu/apis/urlcacher v1.1.2192 h1:T45UYW9S8J1hmFf8ut98YY7U0M9zKqrsdRyftaswGSQ=
golang.yacloud.eu/apis/urlcacher v1.1.2192/go.mod h1:2+2RH0ES5tf9tECrWyhFoEUzclYbjQz0a4RYiddkOBw=
google.golang.org/genproto v0.0.0-20230110181048-76db0878b65f h1:BWUVssLB0HVOSY78gIdvk1dTVYtT1y8SBWtPYuTJ/6w=
google.golang.org/genproto v0.0.0-20230110181048-76db0878b65f/go.mod h1:RGgjbofJ8xD9Sq1VVhDM1Vok1vRONV+rg+CjzG4SZKM=
google.golang.org/grpc v1.53.0 h1:LAv2ds7cmFV/XTS3XG1NneeENYrXGmorPxsBbptIjNc=
google.golang.org/grpc v1.53.0/go.mod h1:OnIrk0ipVdj4N5d9IUoFUx72/VlD7+jUsHwZgwSMQpw=
google.golang.org/protobuf v1.26.0-rc.1/go.mod h1:jlhhOSvTdKEhbULTjvd4ARK9grFBp09yW+WbY/TyQbw=
google.golang.org/protobuf v1.26.0/go.mod h1:9q0QmTI4eRPtz6boOQmLYwt+qCgq0jsYwAQnmE0givc=
google.golang.org/protobuf v1.28.1 h1:d0NfwRgPtno5B1Wa6L2DAG+KivqkdutMf1UhdNx175w=
google.golang.org/protobuf v1.28.1/go.mod h1:HV8QOd/L58Z+nl8r43ehVNZIU/HEI6OcFqwMG9pJV4I=
gopkg.in/check.v1 v0.0.0-20161208181325-20d25e280405/go.mod h1:Co6ibVJAznAaIkqp8huTwlJQCZ016jof/cbN4VW5Yz0=
gopkg.in/check.v1 v1.0.0-20201130134442-10cb98267c6c h1:Hei/4ADfdWqJk1ZMxUNpqntNwaWcugrBjAiHlqqRiVk=
gopkg.in/yaml.v2 v2.4.0 h1:D8xgwECY7CYvx+Y2n4sBz93Jn9JRvxdiyyo8CTfuKaY=
gopkg.in/yaml.v2 v2.4.0/go.mod h1:RDklbk79AGWmwhnvt/jBztapEOGDOx6ZbXqjP6csGnQ=
