github.com/beorn7/perks v1.0.1 h1:VlbKKnNfV8bJzeqoa4cOKqO6bYr3WgKZxO8Z16+hsOM=
github.com/beorn7/perks v1.0.1/go.mod h1:G2ZrVWU2WbWT9wwq4/hrbKbnv/1ERSJQ0ibhJ6rlkpw=
github.com/cespare/xxhash/v2 v2.2.0 h1:DC2CZ1Ep5Y4k3ZQ899DldepgrayRUGE6BBZ/cd9Cj44=
github.com/cespare/xxhash/v2 v2.2.0/go.mod h1:VGX0DQ3Q6kWi7AoAeZDth3/j3BFtOZR5XLFGgcrjCOs=
github.com/davecgh/go-spew v1.1.1 h1:vj9j/u1bqnvCEfJOwUhtlOARqs3+rkHYY13jYWTU97c=
github.com/dustin/go-humanize v1.0.1 h1:GzkhY7T5VNhEkwH0PVJgjz+fX1rhBrR7pRT3mDkpeCY=
github.com/dustin/go-humanize v1.0.1/go.mod h1:Mu1zIs6XwVuF/gI1OepvI0qD18qycQx+mFykh5fBlto=
github.com/golang/protobuf v1.5.0/go.mod h1:FsONVRAS9T7sI+LIUmWTfcYkHO4aIWwzhcaSAoJOfIk=
github.com/golang/protobuf v1.5.3 h1:KhyjKVUg7Usr/dYsdSqoFveMYd5ko72D+zANwlG1mmg=
github.com/golang/protobuf v1.5.3/go.mod h1:XVQd3VNwM+JqD3oG2Ue2ip4fOMUkwXdXDdiuN0vRsmY=
github.com/google/go-cmp v0.5.5/go.mod h1:v8dTdLbMG2kIc/vJvl+f65V22dbkXbowE6jgT/gNBxE=
github.com/google/go-cmp v0.5.9 h1:O2Tfq5qg4qc4AmwVlvv0oLiVAGB7enBSJ2x2DqQFi38=
github.com/kr/pretty v0.3.1 h1:flRD4NNwYAUpkphVc1HcthR4KEIFJ65n8Mw5qdRn3LE=
github.com/kr/text v0.2.0 h1:5Nx0Ya0ZqY2ygV366QzturHI13Jq95ApcVaJBhpS+AY=
github.com/matttproud/golang_protobuf_extensions/v2 v2.0.0 h1:jWpvCLoY8Z/e3VKvlsiIGKtc+UG6U5vzxaoagmhXfyg=
github.com/matttproud/golang_protobuf_extensions/v2 v2.0.0/go.mod h1:QUyp042oQthUoa9bqDv0ER0wrtXnBruoNd7aNjkbP+k=
github.com/prometheus/client_golang v1.18.0 h1:HzFfmkOzH5Q8L8G+kSJKUx5dtG87sewO+FoDDqP5Tbk=
github.com/prometheus/client_golang v1.18.0/go.mod h1:T+GXkCk5wSJyOqMIzVgvvjFDlkOQntgjkJWKrN5txjA=
github.com/prometheus/client_model v0.5.0 h1:VQw1hfvPvk3Uv6Qf29VrPF32JB6rtbgI6cYPYQjL0Qw=
github.com/prometheus/client_model v0.5.0/go.mod h1:dTiFglRmd66nLR9Pv9f0mZi7B7fk5Pm3gvsjB5tr+kI=
github.com/prometheus/common v0.45.0 h1:2BGz0eBc2hdMDLnO/8n0jeB3oPrt2D08CekT0lneoxM=
github.com/prometheus/common v0.45.0/go.mod h1:YJmSTw9BoKxJplESWWxlbyttQR4uaEcGyv9MZjVOJsY=
github.com/prometheus/procfs v0.12.0 h1:jluTpSng7V9hY0O2R9DzzJHYb2xULk9VTR1V1R/k6Bo=
github.com/prometheus/procfs v0.12.0/go.mod h1:pcuDEFsWDnvcgNzo4EEweacyhjeA9Zk3cnaOZAZEfOo=
github.com/rogpeppe/go-internal v1.10.0 h1:TMyTOH3F/DB16zRVcYyreMH6GnZZrwQVAoYjRBZyWFQ=
golang.conradwood.net/apis/antidos v1.1.2704 h1:fkhA/WQSfZJMqf1ahqyxxCzYEALVOUziEo7Q3XBSpGs=
golang.conradwood.net/apis/antidos v1.1.2704/go.mod h1:Xqmk9gVjA0fKqrgnQnJgjLL25Nw6DFdJbaNVe1pGy7w=
golang.conradwood.net/apis/auth v1.1.2781 h1:bEFmV5H9MkoFnvBAQuCk/HMkkYRVkkIjB7j/jd616ew=
golang.conradwood.net/apis/auth v1.1.2781/go.mod h1:/d5raqS85zDuirALyXwzz3z2J9zC/YBO9zKOY1KRtW4=
golang.conradwood.net/apis/autodeployer v1.1.2778 h1:GlhABrOUumw+yJZNLX6ZkVVjnDYUOUmMuriju6ZIIkA=
golang.conradwood.net/apis/autodeployer v1.1.2778/go.mod h1:Xbc9XuzgW0GtncuIk4SrbZ5Iu5AZsjWHn/XYbT/D6c0=
golang.conradwood.net/apis/certmanager v1.1.2704 h1:g326ZYrJPYxbjBOyxLILyM4q+w8+IMFBogZAWDb8Tf8=
golang.conradwood.net/apis/certmanager v1.1.2704/go.mod h1:F7BYb67QiHcRXyQa6qc7IOp7nfhK9Xmybu7aefMsgXw=
golang.conradwood.net/apis/common v1.1.2781 h1:pQLUiHyAAYHcc0Dn/3n0n4QsYmeCL9yWrA8aLQP/Ecc=
golang.conradwood.net/apis/common v1.1.2781/go.mod h1:Iw4Bciw5RHrfXUR2V/Sh+rsQm23girUJ500kxnV8cm4=
golang.conradwood.net/apis/deploymonkey v1.1.2778 h1:JCAueM8W8sc1pXNcWajb0+kD5wSVFOqvAHVDKF0GF9E=
golang.conradwood.net/apis/deploymonkey v1.1.2778/go.mod h1:ZRusX0hy5wyJkYHfmOH17Wi3YAarmjp8opb6e8+/wbU=
golang.conradwood.net/apis/echoservice v1.1.2704 h1:gu2A2QEHZkT5FBHGqOxPt4pn9MRgT8oRr1ohmlJ8tW0=
golang.conradwood.net/apis/echoservice v1.1.2704/go.mod h1:HUCvLFA8kiqUKVpq+jYsNrBABLryIBDhVFe+dTQxiYw=
golang.conradwood.net/apis/errorlogger v1.1.2704 h1:qKaiB9nIS4Xf20nqAS2V/6B1WeS0DGKyRiiFWFk67Q0=
golang.conradwood.net/apis/errorlogger v1.1.2704/go.mod h1:VS0GQlgRm+6CBy+NIIDJ3szM9gW817FhyVjLSYfUxtc=
golang.conradwood.net/apis/framework v1.1.2778 h1:DvenyfShwV3oAasDLoAl48CoIZPVxGdHe5V67tAzZSQ=
golang.conradwood.net/apis/framework v1.1.2778/go.mod h1:EZ5IlaGmzm0p8PzGJXKxz3HWUI1VeGhiu3SEDScFQ9Y=
golang.conradwood.net/apis/goeasyops v1.1.2781 h1:29kctu/aLuHQlp6ZYZoJHF79jjCRgyrmiVBqmXNMvQA=
golang.conradwood.net/apis/goeasyops v1.1.2781/go.mod h1:5S/fj7suU+oh+OGof+dESjRSzlED/URz2LBRJWTbGMA=
golang.conradwood.net/apis/objectstore v1.1.2778 h1:4fSoVm3sMFYhmT5sAWoObkXXfnp652UdF2LC+F4IQmc=
golang.conradwood.net/apis/objectstore v1.1.2778/go.mod h1:Clos9HqFQc5sVxVpl7UP+tgQZeaGCmZn+6nxQ0SD1pk=
golang.conradwood.net/apis/registry v1.1.2778 h1:Wz7j98RgDr+0rJmmIQ29uoS6e4GwwOsTDovQ7NIo6QU=
golang.conradwood.net/apis/registry v1.1.2778/go.mod h1:B8adADTZ+OE7CJoHqZfvsNmgUvgQeejM6mLSuw12Qa4=
golang.conradwood.net/apis/rpcinterceptor v1.1.2704 h1:fhGBtmbnEYAq1fjiwg/mpCQQbPbdUor9mJ7WbldYt6I=
golang.conradwood.net/apis/rpcinterceptor v1.1.2704/go.mod h1:NxtPSKtiJyuMslL0xYskgJtMDfWeFbvPIV5nBotPUU0=
golang.conradwood.net/apis/usagestats v1.1.2704 h1:rjPR19s2PnAEPnhd4hk/KSXENTqZeHWEzRNE/8sm584=
golang.conradwood.net/apis/usagestats v1.1.2704/go.mod h1:RVQ5+Dmo7KvOnXROsPDmBQmVAQNumksMAfRKjDe3UPw=
golang.conradwood.net/apis/weblogin v1.1.2778 h1:tUaYuh7+iaUWhKrK1YVfuxxgoZUWSV8ZyR6tmG7Mi0g=
golang.conradwood.net/apis/weblogin v1.1.2778/go.mod h1:NJqqtTiEaNpWCcjgKIts5Lg1tuXsFkowS2eJOpGryh4=
golang.conradwood.net/go-easyops v0.1.24785 h1:ooxGsVFx+uNaI/e8gz27jHvFjyrgklBJFPeD+ohUMSU=
golang.conradwood.net/go-easyops v0.1.24785/go.mod h1:jOiUioioTA9xzTgGHB/B5SeASEo8HhKKKWttAmvhPmU=
golang.org/x/net v0.20.0 h1:aCL9BSgETF1k+blQaYUBx9hJ9LOGP3gAVemcZlf1Kpo=
golang.org/x/net v0.20.0/go.mod h1:z8BVo6PvndSri0LbOE3hAn0apkU+1YvI6E70E9jsnvY=
golang.org/x/sys v0.16.0 h1:xWw16ngr6ZMtmxDyKyIgsE93KNKz5HKmMa3b8ALHidU=
golang.org/x/sys v0.16.0/go.mod h1:/VUhepiaJMQUp4+oa/7Zr1D23ma6VTLIYjOOTFZPUcA=
golang.org/x/text v0.14.0 h1:ScX5w1eTa3QqT8oi6+ziP7dTV1S2+ALU0bI+0zXKWiQ=
golang.org/x/text v0.14.0/go.mod h1:18ZOQIKpY8NJVqYksKHtTdi31H5itFRjB5/qKTNYzSU=
golang.org/x/xerrors v0.0.0-20191204190536-9bdfabe68543/go.mod h1:I/5z698sn9Ka8TeJc9MKroUUfqBBauWjQqLJ2OPfmY0=
golang.yacloud.eu/apis/fscache v1.1.2778 h1:h+8ZjWKi6B8VX6K+BT+UwvKMLOqrjtKHsGs83g77LIs=
golang.yacloud.eu/apis/fscache v1.1.2778/go.mod h1:+4DwFGY7kRjgfk/weYZly5mn9lCqTBLddPbnlPEFk2c=
golang.yacloud.eu/apis/session v1.1.2781 h1:z3+EvhS27Q36+TZD11nkIey2j1Y1YH7mRHi077Hs6sA=
golang.yacloud.eu/apis/session v1.1.2781/go.mod h1:j1St6edXuXH/BoDD40VY8rYh+Q4+n+jD2v1LJv9cLfo=
golang.yacloud.eu/apis/sessionmanager v1.1.2704 h1:0USH03d+e5oafQAiDI59pQe3j4VBj50ow/yPDsPSQBM=
golang.yacloud.eu/apis/sessionmanager v1.1.2704/go.mod h1:QxFS2b0cz3IUUKkJ3uzlE+T74g9tGwTtZ12x4SLBcp4=
golang.yacloud.eu/apis/urlcacher v1.1.2704 h1:NS5Ahp8O0CmFz4N+moSWHtKpwkXd46+vh1b24JIB1z8=
golang.yacloud.eu/apis/urlcacher v1.1.2704/go.mod h1:q0FSTfgl7Jk4Mr0O9i/6gcvDCkA7x+raJUmQKq+t0xA=
google.golang.org/genproto/googleapis/rpc v0.0.0-20231002182017-d307bd883b97 h1:6GQBEOdGkX6MMTLT9V+TjtIRZCw9VPD5Z+yHY9wMgS0=
google.golang.org/genproto/googleapis/rpc v0.0.0-20231002182017-d307bd883b97/go.mod h1:v7nGkzlmW8P3n/bKmWBn2WpBjpOEx8Q6gMueudAmKfY=
google.golang.org/grpc v1.60.1 h1:26+wFr+cNqSGFcOXcabYC0lUVJVRa2Sb2ortSK7VrEU=
google.golang.org/grpc v1.60.1/go.mod h1:OlCHIeLYqSSsLi6i49B5QGdzaMZK9+M7LXN2FKz4eGM=
google.golang.org/protobuf v1.26.0-rc.1/go.mod h1:jlhhOSvTdKEhbULTjvd4ARK9grFBp09yW+WbY/TyQbw=
google.golang.org/protobuf v1.26.0/go.mod h1:9q0QmTI4eRPtz6boOQmLYwt+qCgq0jsYwAQnmE0givc=
google.golang.org/protobuf v1.32.0 h1:pPC6BG5ex8PDFnkbrGU3EixyhKcQ2aDuBS36lqK/C7I=
google.golang.org/protobuf v1.32.0/go.mod h1:c6P6GXX6sHbq/GpV6MGZEdwhWPcYBgnhAHhKbcUYpos=
gopkg.in/check.v1 v0.0.0-20161208181325-20d25e280405/go.mod h1:Co6ibVJAznAaIkqp8huTwlJQCZ016jof/cbN4VW5Yz0=
gopkg.in/check.v1 v1.0.0-20201130134442-10cb98267c6c h1:Hei/4ADfdWqJk1ZMxUNpqntNwaWcugrBjAiHlqqRiVk=
gopkg.in/yaml.v2 v2.4.0 h1:D8xgwECY7CYvx+Y2n4sBz93Jn9JRvxdiyyo8CTfuKaY=
gopkg.in/yaml.v2 v2.4.0/go.mod h1:RDklbk79AGWmwhnvt/jBztapEOGDOx6ZbXqjP6csGnQ=
gopkg.in/yaml.v3 v3.0.1 h1:fxVm/GzAzEWqLHuvctI91KS9hhNmmWOoWu0XTYJS7CA=
gopkg.in/yaml.v3 v3.0.1/go.mod h1:K4uyk7z7BCEPqu6E+C64Yfv1cQ7kz7rIZviUmN+EgEM=
