github.com/beorn7/perks v1.0.1 h1:VlbKKnNfV8bJzeqoa4cOKqO6bYr3WgKZxO8Z16+hsOM=
github.com/beorn7/perks v1.0.1/go.mod h1:G2ZrVWU2WbWT9wwq4/hrbKbnv/1ERSJQ0ibhJ6rlkpw=
github.com/cespare/xxhash/v2 v2.2.0 h1:DC2CZ1Ep5Y4k3ZQ899DldepgrayRUGE6BBZ/cd9Cj44=
github.com/cespare/xxhash/v2 v2.2.0/go.mod h1:VGX0DQ3Q6kWi7AoAeZDth3/j3BFtOZR5XLFGgcrjCOs=
github.com/dustin/go-humanize v1.0.1 h1:GzkhY7T5VNhEkwH0PVJgjz+fX1rhBrR7pRT3mDkpeCY=
github.com/dustin/go-humanize v1.0.1/go.mod h1:Mu1zIs6XwVuF/gI1OepvI0qD18qycQx+mFykh5fBlto=
github.com/golang/protobuf v1.2.0/go.mod h1:6lQm79b+lXiMfvg/cZm0SGofjICqVBUtrP5yJMmIC1U=
github.com/golang/protobuf v1.5.4 h1:i7eJL8qZTpSEXOPTxNKhASYpMn+8e5Q6AdndVa1dWek=
github.com/golang/protobuf v1.5.4/go.mod h1:lnTiLA8Wa4RWRcIUkrtSVa5nRhsEGBg48fD6rSs7xps=
github.com/google/go-cmp v0.6.0 h1:ofyhxvXcZhMsU5ulbFiLKl/XBFqE1GSq7atu8tAmTRI=
github.com/google/go-cmp v0.6.0/go.mod h1:17dUlkBOakJ0+DkrSSNjCkIjxS6bF9zb3elmeNGIjoY=
github.com/kr/pretty v0.3.1 h1:flRD4NNwYAUpkphVc1HcthR4KEIFJ65n8Mw5qdRn3LE=
github.com/kr/pretty v0.3.1/go.mod h1:hoEshYVHaxMs3cyo3Yncou5ZscifuDolrwPKZanG3xk=
github.com/kr/text v0.2.0 h1:5Nx0Ya0ZqY2ygV366QzturHI13Jq95ApcVaJBhpS+AY=
github.com/kr/text v0.2.0/go.mod h1:eLer722TekiGuMkidMxC/pM04lWEeraHUUmBw8l2grE=
github.com/matttproud/golang_protobuf_extensions v1.0.4 h1:mmDVorXM7PCGKw94cs5zkfA9PSy5pEvNWRP0ET0TIVo=
github.com/matttproud/golang_protobuf_extensions v1.0.4/go.mod h1:BSXmuO+STAnVfrANrmjBb36TMTDstsz7MSK+HVaYKv4=
github.com/prometheus/client_golang v1.16.0 h1:yk/hx9hDbrGHovbci4BY+pRMfSuuat626eFsHb7tmT8=
github.com/prometheus/client_golang v1.16.0/go.mod h1:Zsulrv/L9oM40tJ7T815tM89lFEugiJ9HzIqaAx4LKc=
github.com/prometheus/client_model v0.4.0 h1:5lQXD3cAg1OXBf4Wq03gTrXHeaV0TQvGfUooCfx1yqY=
github.com/prometheus/client_model v0.4.0/go.mod h1:oMQmHW1/JoDwqLtg57MGgP/Fb1CJEYF2imWWhWtMkYU=
github.com/prometheus/common v0.44.0 h1:+5BrQJwiBB9xsMygAB3TNvpQKOwlkc25LbISbrdOOfY=
github.com/prometheus/common v0.44.0/go.mod h1:ofAIvZbQ1e/nugmZGz4/qCb9Ap1VoSTIO7x0VV9VvuY=
github.com/prometheus/procfs v0.11.1 h1:xRC8Iq1yyca5ypa9n1EZnWZkt7dwcoRPQwX/5gwaUuI=
github.com/prometheus/procfs v0.11.1/go.mod h1:eesXgaPo1q7lBpVMoMy0ZOFTth9hBn4W/y0/p/ScXhY=
github.com/rogpeppe/go-internal v1.10.0 h1:TMyTOH3F/DB16zRVcYyreMH6GnZZrwQVAoYjRBZyWFQ=
github.com/rogpeppe/go-internal v1.10.0/go.mod h1:UQnix2H7Ngw/k4C5ijL5+65zddjncjaFoBhdsK/akog=
golang.conradwood.net/apis/auth v1.1.2873 h1:FPo4ZTVRkrdz0+d477BdXCtQSj6n72l0Gr3vnStJaFk=
golang.conradwood.net/apis/auth v1.1.2873/go.mod h1:1fWt95va09dB4pcYFlCGjJC3sPVRJrk2GhLRMnlph9s=
golang.conradwood.net/apis/autodeployer v1.1.2503 h1:xhgTbCq8i4pBXAiOSZ077UXfnDU6pieRm+g1DlU5sNE=
golang.conradwood.net/apis/autodeployer v1.1.2503/go.mod h1:V+Z+DKg+Y6/gZMDf9Mhe+3g2DqlhUz9r20VBx9YK7ao=
golang.conradwood.net/apis/common v1.1.2873 h1:3bC36HBxqH7hMyM5wwvVqD9Smd5lOoOaYS0do0BT2AY=
golang.conradwood.net/apis/common v1.1.2873/go.mod h1:gpq5viT1uXRmHI8ZWTX0BS3frkXAMYiAOqryOzkfEJQ=
golang.conradwood.net/apis/commondeploy v1.1.2503 h1:45zjD+iFJ3cmtiMhbq2dJCPo78m98UT1U9T4hqJ81ck=
golang.conradwood.net/apis/commondeploy v1.1.2503/go.mod h1:Hp1DUVT6fluHu6J4B6U2AkfZM8MtC8hgTK5GIDveSf0=
golang.conradwood.net/apis/deploymonkey v1.1.2503 h1:Db6KtUiWSrmKq70Mw0x1De9fhVF1r4bNOBUQPeoG1HQ=
golang.conradwood.net/apis/deploymonkey v1.1.2503/go.mod h1:tvtRR4cwuJc/TvIf61RrM++Iv6+fgAIeW5VI3tK+3LM=
golang.conradwood.net/apis/framework v1.1.2503 h1:SpqBi75HmRmj48EYjqCl9AXYCWiubTl7eBRKjAphRtM=
golang.conradwood.net/apis/framework v1.1.2503/go.mod h1:a8WDJ4qsCA7rqeUx/s9ehMxxloqGzAlz7+aHIaKcz/A=
golang.conradwood.net/apis/goeasyops v1.1.2873 h1:Fzq24zFVL7sig1vGWw0ZwcNDOQ8diMhiR/ikmTx9EW8=
golang.conradwood.net/apis/goeasyops v1.1.2873/go.mod h1:1JLstFkERctLCrst42G/IkX/HRmDQz65Jui5blnPTvM=
golang.conradwood.net/apis/h2gproxy v1.1.2810 h1:Is1J9L++AgZWsgPNAVkBuVzqADyM5wUwPPKCIHrQ8HE=
golang.conradwood.net/apis/h2gproxy v1.1.2810/go.mod h1:NCW+U0zK4WC/ZIeblV04nnpicWHo288+K6M8BkMuNTE=
golang.conradwood.net/apis/objectstore v1.1.2503 h1:ylhSoEKjoW5PnNLgLBKmfm19UPbzoNsHAQB8NEGCAgg=
golang.conradwood.net/apis/objectstore v1.1.2503/go.mod h1:/epSFsxgELu/8CFg9eOInujLDyxmBar5KLX+F/oKweE=
golang.conradwood.net/apis/registry v1.1.2503 h1:jMHHCMhp46AgN45C88X0hKVlTIYVzTPrBEaKv5HAabY=
golang.conradwood.net/apis/registry v1.1.2503/go.mod h1:pnR5o+8d4YoubdlhRkLjVs9qOZBd8orpTuF8WrUGkmI=
golang.conradwood.net/go-easyops v0.1.25902 h1:N2aoaWXJBm+PZwW8JEki7EzdCjbl0QlErFfAH23DSg4=
golang.conradwood.net/go-easyops v0.1.25902/go.mod h1:DR0Yd9eyusrfO/qOXirQH5oiHQ0gpo97iTMN06qXQ1E=
golang.org/x/net v0.22.0 h1:9sGLhx7iRIHEiX0oAJ3MRZMUCElJgy7Br1nO+AMN3Tc=
golang.org/x/net v0.22.0/go.mod h1:JKghWKKOSdJwpW2GEx0Ja7fmaKnMsbu+MWVZTokSYmg=
golang.org/x/sync v0.0.0-20181221193216-37e7f081c4d4/go.mod h1:RxMgew5VJxzue5/jJTE5uejpjVlOe/izrB70Jof72aM=
golang.org/x/sys v0.18.0 h1:DBdB3niSjOA/O0blCZBqDefyWNYveAYMNF1Wum0DYQ4=
golang.org/x/sys v0.18.0/go.mod h1:/VUhepiaJMQUp4+oa/7Zr1D23ma6VTLIYjOOTFZPUcA=
golang.org/x/text v0.14.0 h1:ScX5w1eTa3QqT8oi6+ziP7dTV1S2+ALU0bI+0zXKWiQ=
golang.org/x/text v0.14.0/go.mod h1:18ZOQIKpY8NJVqYksKHtTdi31H5itFRjB5/qKTNYzSU=
golang.yacloud.eu/apis/session v1.1.2873 h1:0ijz9Ca0h8DtQ7xdDtmimU8hqfm0kVPkHwNNtaspiWQ=
golang.yacloud.eu/apis/session v1.1.2873/go.mod h1:L54WO6RzQhvNPyow7FwhfqPXnQEA2bXIFIa27lCNOu8=
google.golang.org/genproto/googleapis/rpc v0.0.0-20240123012728-ef4313101c80 h1:AjyfHzEPEFp/NpvfN5g+KDla3EMojjhRVZc1i7cj+oM=
google.golang.org/genproto/googleapis/rpc v0.0.0-20240123012728-ef4313101c80/go.mod h1:PAREbraiVEVGVdTZsVWjSbbTtSyGbAgIIvni8a8CD5s=
google.golang.org/grpc v1.62.1 h1:B4n+nfKzOICUXMgyrNd19h/I9oH0L1pizfk1d4zSgTk=
google.golang.org/grpc v1.62.1/go.mod h1:IWTG0VlJLCh1SkC58F7np9ka9mx/WNkjl4PGJaiq+QE=
google.golang.org/protobuf v1.33.0 h1:uNO2rsAINq/JlFpSdYEKIZ0uKD/R9cpdv0T+yoGwGmI=
google.golang.org/protobuf v1.33.0/go.mod h1:c6P6GXX6sHbq/GpV6MGZEdwhWPcYBgnhAHhKbcUYpos=
gopkg.in/check.v1 v0.0.0-20161208181325-20d25e280405/go.mod h1:Co6ibVJAznAaIkqp8huTwlJQCZ016jof/cbN4VW5Yz0=
gopkg.in/check.v1 v1.0.0-20201130134442-10cb98267c6c h1:Hei/4ADfdWqJk1ZMxUNpqntNwaWcugrBjAiHlqqRiVk=
gopkg.in/check.v1 v1.0.0-20201130134442-10cb98267c6c/go.mod h1:JHkPIbrfpd72SG/EVd6muEfDQjcINNoR0C8j2r3qZ4Q=
gopkg.in/yaml.v2 v2.4.0 h1:D8xgwECY7CYvx+Y2n4sBz93Jn9JRvxdiyyo8CTfuKaY=
gopkg.in/yaml.v2 v2.4.0/go.mod h1:RDklbk79AGWmwhnvt/jBztapEOGDOx6ZbXqjP6csGnQ=
gopkg.in/yaml.v3 v3.0.1 h1:fxVm/GzAzEWqLHuvctI91KS9hhNmmWOoWu0XTYJS7CA=
gopkg.in/yaml.v3 v3.0.1/go.mod h1:K4uyk7z7BCEPqu6E+C64Yfv1cQ7kz7rIZviUmN+EgEM=
