github.com/beorn7/perks v1.0.1 h1:VlbKKnNfV8bJzeqoa4cOKqO6bYr3WgKZxO8Z16+hsOM=
github.com/beorn7/perks v1.0.1/go.mod h1:G2ZrVWU2WbWT9wwq4/hrbKbnv/1ERSJQ0ibhJ6rlkpw=
github.com/cespare/xxhash/v2 v2.3.0 h1:UL815xU9SqsFlibzuggzjXhog7bL6oX9BbNZnL2UFvs=
github.com/cespare/xxhash/v2 v2.3.0/go.mod h1:VGX0DQ3Q6kWi7AoAeZDth3/j3BFtOZR5XLFGgcrjCOs=
github.com/davecgh/go-spew v1.1.1 h1:vj9j/u1bqnvCEfJOwUhtlOARqs3+rkHYY13jYWTU97c=
github.com/davecgh/go-spew v1.1.1/go.mod h1:J7Y8YcW2NihsgmVo/mv3lAwl/skON4iLHjSsI+c5H38=
github.com/dustin/go-humanize v1.0.1 h1:GzkhY7T5VNhEkwH0PVJgjz+fX1rhBrR7pRT3mDkpeCY=
github.com/dustin/go-humanize v1.0.1/go.mod h1:Mu1zIs6XwVuF/gI1OepvI0qD18qycQx+mFykh5fBlto=
github.com/go-logr/logr v1.4.3 h1:CjnDlHq8ikf6E492q6eKboGOC0T8CDaOvkHCIg8idEI=
github.com/go-logr/logr v1.4.3/go.mod h1:9T104GzyrTigFIr8wt5mBrctHMim0Nb2HLGrmQ40KvY=
github.com/go-logr/stdr v1.2.2 h1:hSWxHoqTgW2S2qGc0LTAI563KZ5YKYRhT3MFKZMbjag=
github.com/go-logr/stdr v1.2.2/go.mod h1:mMo/vtBO5dYbehREoey6XUKy/eSumjCCveDpRre4VKE=
github.com/golang/protobuf v1.5.4 h1:i7eJL8qZTpSEXOPTxNKhASYpMn+8e5Q6AdndVa1dWek=
github.com/golang/protobuf v1.5.4/go.mod h1:lnTiLA8Wa4RWRcIUkrtSVa5nRhsEGBg48fD6rSs7xps=
github.com/google/go-cmp v0.7.0 h1:wk8382ETsv4JYUZwIsn6YpYiWiBsYLSJiTsyBybVuN8=
github.com/google/go-cmp v0.7.0/go.mod h1:pXiqmnSA92OHEEa9HXL2W4E7lf9JzCmGVUdgjX3N/iU=
github.com/google/uuid v1.6.0 h1:NIvaJDMOsjHA8n1jAhLSgzrAzy1Hgr+hNrb57e+94F0=
github.com/google/uuid v1.6.0/go.mod h1:TIyPZe4MgqvfeYDBFedMoGGpEw/LqOeaOT+nhxU+yHo=
github.com/grafana/pyroscope-go v1.3.1 h1:Eb9h55+vtLezn/DQ4iXz+SJrOz8CNghDk9xx8XQ4tc0=
github.com/grafana/pyroscope-go v1.3.1/go.mod h1:vjZr7UNVSvbpVH+G9SBy8K0fATjfYwl+W12xLNOx9Xg=
github.com/grafana/pyroscope-go/godeltaprof v0.1.11 h1:el5LYpXissAiCKZ5/6yjlr6mhYVV6Cp5lahTocxraXM=
github.com/grafana/pyroscope-go/godeltaprof v0.1.11/go.mod h1:jl1V8M4cWsXciROCPIDDG7CtjSjT/ECbp6eLVuMxYRI=
github.com/klauspost/compress v1.18.6 h1:2jupLlAwFm95+YDR+NwD2MEfFO9d4z4Prjl1XXDjuao=
github.com/klauspost/compress v1.18.6/go.mod h1:cwPg85FWrGar70rWktvGQj8/hthj3wpl0PGDogxkrSQ=
github.com/kr/pretty v0.3.1 h1:flRD4NNwYAUpkphVc1HcthR4KEIFJ65n8Mw5qdRn3LE=
github.com/kr/pretty v0.3.1/go.mod h1:hoEshYVHaxMs3cyo3Yncou5ZscifuDolrwPKZanG3xk=
github.com/kr/text v0.2.0 h1:5Nx0Ya0ZqY2ygV366QzturHI13Jq95ApcVaJBhpS+AY=
github.com/kr/text v0.2.0/go.mod h1:eLer722TekiGuMkidMxC/pM04lWEeraHUUmBw8l2grE=
github.com/kylelemons/godebug v1.1.0 h1:RPNrshWIDI6G2gRW9EHilWtl7Z6Sb1BR0xunSBf0SNc=
github.com/kylelemons/godebug v1.1.0/go.mod h1:9/0rRGxNHcop5bhtWyNeEfOS8JIWk580+fNqagV/RAw=
github.com/munnerz/goautoneg v0.0.0-20191010083416-a7dc8b61c822 h1:C3w9PqII01/Oq1c1nUAm88MOHcQC9l5mIlSMApZMrHA=
github.com/munnerz/goautoneg v0.0.0-20191010083416-a7dc8b61c822/go.mod h1:+n7T8mK8HuQTcFwEeznm/DIxMOiR9yIdICNftLE1DvQ=
github.com/pmezard/go-difflib v1.0.0 h1:4DBwDE0NGyQoBHbLQYPwSUPoCMWR5BEzIk/f1lZbAQM=
github.com/pmezard/go-difflib v1.0.0/go.mod h1:iKH77koFhYxTK1pcRnkKkqfTogsbg7gZNVY4sRDYZ/4=
github.com/prometheus/client_golang v1.23.2 h1:Je96obch5RDVy3FDMndoUsjAhG5Edi49h0RJWRi/o0o=
github.com/prometheus/client_golang v1.23.2/go.mod h1:Tb1a6LWHB3/SPIzCoaDXI4I8UHKeFTEQ1YCr+0Gyqmg=
github.com/prometheus/client_model v0.6.2 h1:oBsgwpGs7iVziMvrGhE53c/GrLUsZdHnqNwqPLxwZyk=
github.com/prometheus/client_model v0.6.2/go.mod h1:y3m2F6Gdpfy6Ut/GBsUqTWZqCUvMVzSfMLjcu6wAwpE=
github.com/prometheus/common v0.68.0 h1:8rQJvQmYltsR2L7h8Zw0Iyj8WYNNmpwikoQTZXwfVeA=
github.com/prometheus/common v0.68.0/go.mod h1:4soH+U8yJSROk7OJ//hmTiWKsxapv6zRGgTt3keN8gQ=
github.com/prometheus/procfs v0.20.1 h1:XwbrGOIplXW/AU3YhIhLODXMJYyC1isLFfYCsTEycfc=
github.com/prometheus/procfs v0.20.1/go.mod h1:o9EMBZGRyvDrSPH1RqdxhojkuXstoe4UlK79eF5TGGo=
github.com/rogpeppe/go-internal v1.10.0 h1:TMyTOH3F/DB16zRVcYyreMH6GnZZrwQVAoYjRBZyWFQ=
github.com/rogpeppe/go-internal v1.10.0/go.mod h1:UQnix2H7Ngw/k4C5ijL5+65zddjncjaFoBhdsK/akog=
github.com/stretchr/objx v0.5.3 h1:jmXUvGomnU1o3W/V5h2VEradbpJDwGrzugQQvL0POH4=
github.com/stretchr/objx v0.5.3/go.mod h1:rDQraq+vQZU7Fde9LOZLr8Tax6zZvy4kuNKF+QYS+U0=
github.com/stretchr/testify v1.11.1 h1:7s2iGBzp5EwR7/aIZr8ao5+dra3wiQyKjjFuvgVKu7U=
github.com/stretchr/testify v1.11.1/go.mod h1:wZwfW3scLgRK+23gO65QZefKpKQRnfz6sD981Nm4B6U=
go.opentelemetry.io/auto/sdk v1.2.1 h1:jXsnJ4Lmnqd11kwkBV2LgLoFMZKizbCi5fNZ/ipaZ64=
go.opentelemetry.io/auto/sdk v1.2.1/go.mod h1:KRTj+aOaElaLi+wW1kO/DZRXwkF4C5xPbEe3ZiIhN7Y=
go.opentelemetry.io/otel v1.43.0 h1:mYIM03dnh5zfN7HautFE4ieIig9amkNANT+xcVxAj9I=
go.opentelemetry.io/otel v1.43.0/go.mod h1:JuG+u74mvjvcm8vj8pI5XiHy1zDeoCS2LB1spIq7Ay0=
go.opentelemetry.io/otel/metric v1.43.0 h1:d7638QeInOnuwOONPp4JAOGfbCEpYb+K6DVWvdxGzgM=
go.opentelemetry.io/otel/metric v1.43.0/go.mod h1:RDnPtIxvqlgO8GRW18W6Z/4P462ldprJtfxHxyKd2PY=
go.opentelemetry.io/otel/sdk v1.43.0 h1:pi5mE86i5rTeLXqoF/hhiBtUNcrAGHLKQdhg4h4V9Dg=
go.opentelemetry.io/otel/sdk v1.43.0/go.mod h1:P+IkVU3iWukmiit/Yf9AWvpyRDlUeBaRg6Y+C58QHzg=
go.opentelemetry.io/otel/sdk/metric v1.43.0 h1:S88dyqXjJkuBNLeMcVPRFXpRw2fuwdvfCGLEo89fDkw=
go.opentelemetry.io/otel/sdk/metric v1.43.0/go.mod h1:C/RJtwSEJ5hzTiUz5pXF1kILHStzb9zFlIEe85bhj6A=
go.opentelemetry.io/otel/trace v1.43.0 h1:BkNrHpup+4k4w+ZZ86CZoHHEkohws8AY+WTX09nk+3A=
go.opentelemetry.io/otel/trace v1.43.0/go.mod h1:/QJhyVBUUswCphDVxq+8mld+AvhXZLhe+8WVFxiFff0=
go.uber.org/goleak v1.3.0 h1:2K3zAYmnTNqV73imy9J1T3WC+gmCePx2hEGkimedGto=
go.uber.org/goleak v1.3.0/go.mod h1:CoHD4mav9JJNrW/WLlf7HGZPjdw8EucARQHekz1X6bE=
go.yaml.in/yaml/v2 v2.4.4 h1:tuyd0P+2Ont/d6e2rl3be67goVK4R6deVxCUX5vyPaQ=
go.yaml.in/yaml/v2 v2.4.4/go.mod h1:gMZqIpDtDqOfM0uNfy0SkpRhvUryYH0Z6wdMYcacYXQ=
golang.conradwood.net/apis/antidos v1.1.4612 h1:UeX+uiBj6gVGDW5DJYsIcX+1oh21mcdmOfXHlQS9DOY=
golang.conradwood.net/apis/antidos v1.1.4612/go.mod h1:4cMuqbMAXh0FTv/ZTtkH4lz/hzfWbOdAvA9+n1kseLU=
golang.conradwood.net/apis/auth v1.1.4612 h1:jw420xOpR/rezRaytR9lY6gw/+/Ijf6UWUlppmRlOb0=
golang.conradwood.net/apis/auth v1.1.4612/go.mod h1:1xRlmaphiqlGZO7qwoGLEfqhlCKZeKuAKZXxVdpfAEI=
golang.conradwood.net/apis/autodeployer v1.1.4612 h1:TcgsYRx3DZmB/uBq3keml7GdwqWikSD3y5iWNXu6zVo=
golang.conradwood.net/apis/autodeployer v1.1.4612/go.mod h1:wGTTzJQzlRIESe85Q+J4nHyTecSvev0ZyEqkk4HIJtA=
golang.conradwood.net/apis/certmanager v1.1.4612 h1:k77xR4LrngVGh+AXUy9J6UZkRhYaMUx3l4ToFeDvyus=
golang.conradwood.net/apis/certmanager v1.1.4612/go.mod h1:ehCOoFpmna/hRGKNwn2xWr25DSr0J5Piar6WcoTV080=
golang.conradwood.net/apis/common v1.1.4612 h1:pp+nnOO2V+kamOctnBg+gyX4j7+CdqV54Ch+PyquzLY=
golang.conradwood.net/apis/common v1.1.4612/go.mod h1:iqVC9aBaQwwGv3TSGG5OFd/71fl888z2FhjWIYiUhBo=
golang.conradwood.net/apis/deploymonkey v1.1.4612 h1:jaw3sKGCpLm1w/3sYfRVRwileOebKiI4C1cViIVsw/Y=
golang.conradwood.net/apis/deploymonkey v1.1.4612/go.mod h1:k2EPuamCengWPyAroVQFnenkzVgNkzuADMrQ6zpJuxE=
golang.conradwood.net/apis/errorlogger v1.1.4612 h1:xs4NMLMmFgIwnT42XeqrH/+PmTlHSJcneho22984SuQ=
golang.conradwood.net/apis/errorlogger v1.1.4612/go.mod h1:nCvXcfa3UR6+Pi2W54EXeUcW4mTePLCdj6e8UVlcox0=
golang.conradwood.net/apis/getestservice v1.1.4612 h1:FIH+Jczd04ic5X6nTiWT09BgsK5dILcn+ib91V/KNUA=
golang.conradwood.net/apis/getestservice v1.1.4612/go.mod h1:cYj7x8sZ9fBJ3ZDfCCGdi8iCU57kOgdY1ptEVO4o0TY=
golang.conradwood.net/apis/goeasyops v1.1.4612 h1:8D7jNynAfjQrgum6Hc/5UiurgW8epVdRJxrLK31j6EE=
golang.conradwood.net/apis/goeasyops v1.1.4612/go.mod h1:c21O97ucfsfJ4s02vN7hm2y5dkPHSW+RJVuBfTf7YyY=
golang.conradwood.net/apis/grafanadata v1.1.4612 h1:3qbDzIC1ydg6MPIYQJl6QiXbh6yI+pAyVsDQIbhZJvo=
golang.conradwood.net/apis/grafanadata v1.1.4612/go.mod h1:rUEsQi7X58ElaHS/HkLArT+0x0YlBbF5v9dAZ3yWLRw=
golang.conradwood.net/apis/objectstore v1.1.4612 h1:OH88gwSmkrLymMxa01nh3xPHbpv+F9ioacRzUtFJl3c=
golang.conradwood.net/apis/objectstore v1.1.4612/go.mod h1:nhBza7dhxWdmD5vLwploT5lawrzB7N/V21YErzI5Ejg=
golang.conradwood.net/apis/registry v1.1.4612 h1:gNyERPAF8MWNyYJa+cb7SvtQuq+Yi8fVYzIwD4nyPVQ=
golang.conradwood.net/apis/registry v1.1.4612/go.mod h1:wu2BwxbS32LhXzb6qytKL2c2cL1woZm6oO2nsh9+YMQ=
golang.conradwood.net/apis/rpcinterceptor v1.1.4612 h1:9EBU+uVgDv0XkDAkqKrFHXZWoCSE4sD2JhGJkakFiYw=
golang.conradwood.net/apis/rpcinterceptor v1.1.4612/go.mod h1:c38LJ+fdzho7Ur4SPAPln9l3hgIvELRh4/O48FHPVoY=
golang.conradwood.net/apis/usagestats v1.1.4612 h1:OVu7GKnJMaIOOyXMBzv3sUC7f3DhTv1Tcrc1qegCoWs=
golang.conradwood.net/apis/usagestats v1.1.4612/go.mod h1:/NeqdXXvbbi6JM7WKVmXXQJyOPkxpPJ5/Ze8jxmwqWE=
golang.conradwood.net/apis/weblogin v1.1.4612 h1:H31ypPe/nTAxXvtfhh6pz97SgS8qOBuKknvC4svJDk8=
golang.conradwood.net/apis/weblogin v1.1.4612/go.mod h1:czOLjgyEsKm6yCr0GzEKUIqBRsHvz7K5KyV7LkY7YWM=
golang.conradwood.net/go-easyops v0.1.40404 h1:xZyFtlaJEp/gYR1TU7h5MXvFXiROiuUgpEJNxCydTcU=
golang.conradwood.net/go-easyops v0.1.40404/go.mod h1:Utq0igryjXDGTGpVgBaojRC3lpWa2/GlU5pLnUNO58k=
golang.org/x/net v0.55.0 h1:bcvxaJn3e1U6InsFWt1JUq1aSjnRxLzT2rtD2KfkDF8=
golang.org/x/net v0.55.0/go.mod h1:L5U2KuzuOe1lY7Z+aWVIKK6qEeJXnXV9yzGA+WCHJww=
golang.org/x/sys v0.45.0 h1:dO4czNzziLiiXplLQgBCEpCvXQ3dnkn0SdaZSYdQ+FY=
golang.org/x/sys v0.45.0/go.mod h1:4GL1E5IUh+htKOUEOaiffhrAeqysfVGipDYzABqnCmw=
golang.org/x/text v0.37.0 h1:Cqjiwd9eSg8e0QAkyCaQTNHFIIzWtidPahFWR83rTrc=
golang.org/x/text v0.37.0/go.mod h1:a5sjxXGs9hsn/AJVwuElvCAo9v8QYLzvavO5z2PiM38=
golang.yacloud.eu/apis/autodeployer2 v1.1.4612 h1:tYoD7HKImXNCb+8CRFZoVDs1TxpwNMvqT3qMJRH4TQY=
golang.yacloud.eu/apis/autodeployer2 v1.1.4612/go.mod h1:irVV91oadgLELFOgtmLbpJwxRbfRyRP2iLsap2PsasE=
golang.yacloud.eu/apis/autodeployercommon v1.1.4612 h1:onByOT8h1GF/1MwIX6yZoYlfTx772wplg7rADotaogI=
golang.yacloud.eu/apis/autodeployercommon v1.1.4612/go.mod h1:a8lTngVRyOuorgxK2ow4754qVGhLUTaado0Bpbhjzc0=
golang.yacloud.eu/apis/faultindicator v1.1.4612 h1:sD2s51KF8h8A6ZsNrOUksAn+2i6Mi/Hq//EdII+wh1E=
golang.yacloud.eu/apis/faultindicator v1.1.4612/go.mod h1:YHn3uNHfKOgeZpbaW+1tXpRPB1IA889MjYGMRW95yCk=
golang.yacloud.eu/apis/fscache v1.1.4612 h1:jWrLRwkZ9srlnqZ53FKhXWyfJ7J/XPmhY8wGWXmJXyQ=
golang.yacloud.eu/apis/fscache v1.1.4612/go.mod h1:9rvrwZrix7gkoO1gMJqSS0tuzqrWwB+U0dsY24l/J9M=
golang.yacloud.eu/apis/session v1.1.4612 h1:I+uORZtzz6hYlWU9DconcGRRPbpjiACo9VM0G3LooVE=
golang.yacloud.eu/apis/session v1.1.4612/go.mod h1:cTRWw549ZOsqeCo1KZr/KexPd4VAufq1tyYnmtDA4yA=
golang.yacloud.eu/apis/sessionmanager v1.1.4612 h1:1mVGYG0OeTgkaY9B3g7SyLvmCD2PHr2zzPPkZFAqz0k=
golang.yacloud.eu/apis/sessionmanager v1.1.4612/go.mod h1:6iQAjc942vlvybOARVs4w9NIK/jV6lS3JSMjSBVhHv8=
golang.yacloud.eu/apis/unixipc v1.1.4612 h1:Iqei26hPRR1BIGv5Cr+P5f9+SvX79+j/gMZsUQlT0DU=
golang.yacloud.eu/apis/unixipc v1.1.4612/go.mod h1:nYKgo6AbPwuiKLhSA7oWM6jRl2qxcnWBIHYYGuhWNFw=
golang.yacloud.eu/apis/urlcacher v1.1.4612 h1:45cB+KLNA7K2S2m2xbeqwTFPDq38UtMSR4Yf47pZV4k=
golang.yacloud.eu/apis/urlcacher v1.1.4612/go.mod h1:aGR12WW9pr2RG+yFblCm/MNNykAhOz3dtXIXZ2pchDo=
golang.yacloud.eu/unixipc v0.1.31725 h1:u+tUnlgwLVzQ1bFBVM+rqARHAgwH41PrRGIVwKVrMsg=
golang.yacloud.eu/unixipc v0.1.31725/go.mod h1:BboKEBCyQzeXbtXowwSLV9U+wI32wq49ZVs72+uO/ZI=
gonum.org/v1/gonum v0.17.0 h1:VbpOemQlsSMrYmn7T2OUvQ4dqxQXU+ouZFQsZOx50z4=
gonum.org/v1/gonum v0.17.0/go.mod h1:El3tOrEuMpv2UdMrbNlKEh9vd86bmQ6vqIcDwxEOc1E=
google.golang.org/genproto/googleapis/rpc v0.0.0-20260226221140-a57be14db171 h1:ggcbiqK8WWh6l1dnltU4BgWGIGo+EVYxCaAPih/zQXQ=
google.golang.org/genproto/googleapis/rpc v0.0.0-20260226221140-a57be14db171/go.mod h1:4Hqkh8ycfw05ld/3BWL7rJOSfebL2Q+DVDeRgYgxUU8=
google.golang.org/grpc v1.81.1 h1:VnnIIZ88UzOOKLukQi+ImGz8O1Wdp8nAGGnvOfEIWQQ=
google.golang.org/grpc v1.81.1/go.mod h1:xGH9GfzOyMTGIOXBJmXt+BX/V0kcdQbdcuwQ/zNw42I=
google.golang.org/protobuf v1.36.11 h1:fV6ZwhNocDyBLK0dj+fg8ektcVegBBuEolpbTQyBNVE=
google.golang.org/protobuf v1.36.11/go.mod h1:HTf+CrKn2C3g5S8VImy6tdcUvCska2kB7j23XfzDpco=
gopkg.in/check.v1 v0.0.0-20161208181325-20d25e280405/go.mod h1:Co6ibVJAznAaIkqp8huTwlJQCZ016jof/cbN4VW5Yz0=
gopkg.in/check.v1 v1.0.0-20201130134442-10cb98267c6c h1:Hei/4ADfdWqJk1ZMxUNpqntNwaWcugrBjAiHlqqRiVk=
gopkg.in/check.v1 v1.0.0-20201130134442-10cb98267c6c/go.mod h1:JHkPIbrfpd72SG/EVd6muEfDQjcINNoR0C8j2r3qZ4Q=
gopkg.in/yaml.v2 v2.4.0 h1:D8xgwECY7CYvx+Y2n4sBz93Jn9JRvxdiyyo8CTfuKaY=
gopkg.in/yaml.v2 v2.4.0/go.mod h1:RDklbk79AGWmwhnvt/jBztapEOGDOx6ZbXqjP6csGnQ=
gopkg.in/yaml.v3 v3.0.1 h1:fxVm/GzAzEWqLHuvctI91KS9hhNmmWOoWu0XTYJS7CA=
gopkg.in/yaml.v3 v3.0.1/go.mod h1:K4uyk7z7BCEPqu6E+C64Yfv1cQ7kz7rIZviUmN+EgEM=
